{
  "version": 4,
  "terraform_version": "1.14.7",
  "serial": 48,
  "lineage": "827cc698-ec25-1f4c-914d-f9a1ca11fee0",
  "outputs": {
    "acr_login_server": {
      "value": "acrcloudnativedev.azurecr.io",
      "type": "string"
    },
    "aks_cluster_name": {
      "value": "aks-cloudnative-dev",
      "type": "string"
    },
    "aks_resource_group": {
      "value": "rg-cloudnative-dev",
      "type": "string"
    },
    "appgw_public_ip": {
      "value": "40.117.249.118",
      "type": "string"
    }
  },
  "resources": [
    {
      "mode": "data",
      "type": "azurerm_client_config",
      "name": "current",
      "provider": "provider[\"registry.terraform.io/hashicorp/azurerm\"]",
      "instances": [
        {
          "schema_version": 0,
          "attributes": {
            "client_id": "04b07795-8ddb-461a-bbee-02f9e1bf7b46",
            "id": "Y2xpZW50Q29uZmlncy9jbGllbnRJZD0wNGIwNzc5NS04ZGRiLTQ2MWEtYmJlZS0wMmY5ZTFiZjdiNDY7b2JqZWN0SWQ9NGNkYjQ4MjQtOTVlZC00MzExLWJjYjAtMThiZGE2ODNiZWFmO3N1YnNjcmlwdGlvbklkPTJlMDQ0OWIxLWU5M2YtNDBjNi04YWYyLWYxYmQ3YTdlOWUwNzt0ZW5hbnRJZD01M2JiYTg4ZS01YjM0LTQ2NWItODdkYS03ZTRkNDA4NDQxNzg=",
            "object_id": "4cdb4824-95ed-4311-bcb0-18bda683beaf",
            "subscription_id": "2e0449b1-e93f-40c6-8af2-f1bd7a7e9e07",
            "tenant_id": "53bba88e-5b34-465b-87da-7e4d40844178",
            "timeouts": null
          },
          "sensitive_attributes": [],
          "identity_schema_version": 0
        }
      ]
    },
    {
      "mode": "managed",
      "type": "azurerm_application_gateway",
      "name": "main",
      "provider": "provider[\"registry.terraform.io/hashicorp/azurerm\"]",
      "instances": [
        {
          "schema_version": 0,
          "attributes": {
            "authentication_certificate": [],
            "autoscale_configuration": [],
            "backend_address_pool": [
              {
                "fqdns": [],
                "id": "/subscriptions/2e0449b1-e93f-40c6-8af2-f1bd7a7e9e07/resourceGroups/rg-cloudnative-dev/providers/Microsoft.Network/applicationGateways/appgw-cloudnative-dev/backendAddressPools/aks-backend-pool",
                "ip_addresses": [],
                "name": "aks-backend-pool"
              }
            ],
            "backend_http_settings": [
              {
                "affinity_cookie_name": "",
                "authentication_certificate": [],
                "connection_draining": [],
                "cookie_based_affinity": "Disabled",
                "host_name": "",
                "id": "/subscriptions/2e0449b1-e93f-40c6-8af2-f1bd7a7e9e07/resourceGroups/rg-cloudnative-dev/providers/Microsoft.Network/applicationGateways/appgw-cloudnative-dev/backendHttpSettingsCollection/http-settings",
                "name": "http-settings",
                "path": "",
                "pick_host_name_from_backend_address": false,
                "port": 80,
                "probe_id": "",
                "probe_name": "",
                "protocol": "Http",
                "request_timeout": 60,
                "trusted_root_certificate_names": []
              }
            ],
            "custom_error_configuration": [],
            "enable_http2": false,
            "fips_enabled": false,
            "firewall_policy_id": "",
            "force_firewall_policy_association": false,
            "frontend_ip_configuration": [
              {
                "id": "/subscriptions/2e0449b1-e93f-40c6-8af2-f1bd7a7e9e07/resourceGroups/rg-cloudnative-dev/providers/Microsoft.Network/applicationGateways/appgw-cloudnative-dev/frontendIPConfigurations/appgw-frontend-ip",
                "name": "appgw-frontend-ip",
                "private_ip_address": "",
                "private_ip_address_allocation": "Dynamic",
                "private_link_configuration_id": "",
                "private_link_configuration_name": "",
                "public_ip_address_id": "/subscriptions/2e0449b1-e93f-40c6-8af2-f1bd7a7e9e07/resourceGroups/rg-cloudnative-dev/providers/Microsoft.Network/publicIPAddresses/pip-appgw-dev",
                "subnet_id": ""
              }
            ],
            "frontend_port": [
              {
                "id": "/subscriptions/2e0449b1-e93f-40c6-8af2-f1bd7a7e9e07/resourceGroups/rg-cloudnative-dev/providers/Microsoft.Network/applicationGateways/appgw-cloudnative-dev/frontendPorts/http-port",
                "name": "http-port",
                "port": 80
              }
            ],
            "gateway_ip_configuration": [
              {
                "id": "/subscriptions/2e0449b1-e93f-40c6-8af2-f1bd7a7e9e07/resourceGroups/rg-cloudnative-dev/providers/Microsoft.Network/applicationGateways/appgw-cloudnative-dev/gatewayIPConfigurations/appgw-ip-config",
                "name": "appgw-ip-config",
                "subnet_id": "/subscriptions/2e0449b1-e93f-40c6-8af2-f1bd7a7e9e07/resourceGroups/rg-cloudnative-dev/providers/Microsoft.Network/virtualNetworks/vnet-cloudnative-dev/subnets/subnet-appgw"
              }
            ],
            "global": [],
            "http_listener": [
              {
                "custom_error_configuration": [],
                "firewall_policy_id": "",
                "frontend_ip_configuration_id": "/subscriptions/2e0449b1-e93f-40c6-8af2-f1bd7a7e9e07/resourceGroups/rg-cloudnative-dev/providers/Microsoft.Network/applicationGateways/appgw-cloudnative-dev/frontendIPConfigurations/appgw-frontend-ip",
                "frontend_ip_configuration_name": "appgw-frontend-ip",
                "frontend_port_id": "/subscriptions/2e0449b1-e93f-40c6-8af2-f1bd7a7e9e07/resourceGroups/rg-cloudnative-dev/providers/Microsoft.Network/applicationGateways/appgw-cloudnative-dev/frontendPorts/http-port",
                "frontend_port_name": "http-port",
                "host_name": "",
                "host_names": [],
                "id": "/subscriptions/2e0449b1-e93f-40c6-8af2-f1bd7a7e9e07/resourceGroups/rg-cloudnative-dev/providers/Microsoft.Network/applicationGateways/appgw-cloudnative-dev/httpListeners/http-listener",
                "name": "http-listener",
                "protocol": "Http",
                "require_sni": false,
                "ssl_certificate_id": "",
                "ssl_certificate_name": "",
                "ssl_profile_id": "",
                "ssl_profile_name": ""
              }
            ],
            "id": "/subscriptions/2e0449b1-e93f-40c6-8af2-f1bd7a7e9e07/resourceGroups/rg-cloudnative-dev/providers/Microsoft.Network/applicationGateways/appgw-cloudnative-dev",
            "identity": [],
            "location": "eastus",
            "name": "appgw-cloudnative-dev",
            "private_endpoint_connection": [],
            "private_link_configuration": [],
            "probe": [],
            "redirect_configuration": [],
            "request_routing_rule": [
              {
                "backend_address_pool_id": "/subscriptions/2e0449b1-e93f-40c6-8af2-f1bd7a7e9e07/resourceGroups/rg-cloudnative-dev/providers/Microsoft.Network/applicationGateways/appgw-cloudnative-dev/backendAddressPools/aks-backend-pool",
                "backend_address_pool_name": "aks-backend-pool",
                "backend_http_settings_id": "/subscriptions/2e0449b1-e93f-40c6-8af2-f1bd7a7e9e07/resourceGroups/rg-cloudnative-dev/providers/Microsoft.Network/applicationGateways/appgw-cloudnative-dev/backendHttpSettingsCollection/http-settings",
                "backend_http_settings_name": "http-settings",
                "http_listener_id": "/subscriptions/2e0449b1-e93f-40c6-8af2-f1bd7a7e9e07/resourceGroups/rg-cloudnative-dev/providers/Microsoft.Network/applicationGateways/appgw-cloudnative-dev/httpListeners/http-listener",
                "http_listener_name": "http-listener",
                "id": "/subscriptions/2e0449b1-e93f-40c6-8af2-f1bd7a7e9e07/resourceGroups/rg-cloudnative-dev/providers/Microsoft.Network/applicationGateways/appgw-cloudnative-dev/requestRoutingRules/routing-rule",
                "name": "routing-rule",
                "priority": 100,
                "redirect_configuration_id": "",
                "redirect_configuration_name": "",
                "rewrite_rule_set_id": "",
                "rewrite_rule_set_name": "",
                "rule_type": "Basic",
                "url_path_map_id": "",
                "url_path_map_name": ""
              }
            ],
            "resource_group_name": "rg-cloudnative-dev",
            "rewrite_rule_set": [],
            "sku": [
              {
                "capacity": 1,
                "name": "WAF_v2",
                "tier": "WAF_v2"
              }
            ],
            "ssl_certificate": [],
            "ssl_policy": [
              {
                "cipher_suites": [],
                "disabled_protocols": [],
                "min_protocol_version": "",
                "policy_name": "AppGwSslPolicy20220101",
                "policy_type": "Predefined"
              }
            ],
            "ssl_profile": [],
            "tags": {
              "environment": "dev",
              "project": "cloudnative"
            },
            "timeouts": null,
            "trusted_client_certificate": [],
            "trusted_root_certificate": [],
            "url_path_map": [],
            "waf_configuration": [
              {
                "disabled_rule_group": [],
                "enabled": true,
                "exclusion": [],
                "file_upload_limit_mb": 100,
                "firewall_mode": "Detection",
                "max_request_body_size_kb": 128,
                "request_body_check": true,
                "rule_set_type": "OWASP",
                "rule_set_version": "3.2"
              }
            ],
            "zones": []
          },
          "sensitive_attributes": [],
          "identity_schema_version": 0,
          "private": "eyJlMmJmYjczMC1lY2FhLTExZTYtOGY4OC0zNDM2M2JjN2M0YzAiOnsiY3JlYXRlIjo1NDAwMDAwMDAwMDAwLCJkZWxldGUiOjU0MDAwMDAwMDAwMDAsInJlYWQiOjMwMDAwMDAwMDAwMCwidXBkYXRlIjo1NDAwMDAwMDAwMDAwfSwic2NoZW1hX3ZlcnNpb24iOiIwIn0="
        }
      ]
    },
    {
      "mode": "managed",
      "type": "azurerm_container_registry",
      "name": "main",
      "provider": "provider[\"registry.terraform.io/hashicorp/azurerm\"]",
      "instances": [
        {
          "schema_version": 2,
          "attributes": {
            "admin_enabled": true,
            "admin_password": "D3mrdVUCvMKLRg5zzmoOhqStfCtvKOkLcysqGPQ1dU9eKx00EpIqJQQJ99CCACYeBjFEqg7NAAACAZCRptXR",
            "admin_username": "acrcloudnativedev",
            "anonymous_pull_enabled": false,
            "data_endpoint_enabled": false,
            "encryption": [
              {
                "enabled": false,
                "identity_client_id": "",
                "key_vault_key_id": ""
              }
            ],
            "export_policy_enabled": true,
            "georeplications": [],
            "id": "/subscriptions/2e0449b1-e93f-40c6-8af2-f1bd7a7e9e07/resourceGroups/rg-cloudnative-dev/providers/Microsoft.ContainerRegistry/registries/acrcloudnativedev",
            "identity": [],
            "location": "eastus",
            "login_server": "acrcloudnativedev.azurecr.io",
            "name": "acrcloudnativedev",
            "network_rule_bypass_option": "AzureServices",
            "network_rule_set": [],
            "public_network_access_enabled": true,
            "quarantine_policy_enabled": false,
            "resource_group_name": "rg-cloudnative-dev",
            "retention_policy": [
              {
                "days": 7,
                "enabled": false
              }
            ],
            "sku": "Basic",
            "tags": {
              "environment": "dev",
              "project": "cloudnative"
            },
            "timeouts": null,
            "trust_policy": [
              {
                "enabled": false
              }
            ],
            "zone_redundancy_enabled": false
          },
          "sensitive_attributes": [
            [
              {
                "type": "get_attr",
                "value": "admin_password"
              }
            ]
          ],
          "identity_schema_version": 0,
          "private": "eyJlMmJmYjczMC1lY2FhLTExZTYtOGY4OC0zNDM2M2JjN2M0YzAiOnsiY3JlYXRlIjoxODAwMDAwMDAwMDAwLCJkZWxldGUiOjE4MDAwMDAwMDAwMDAsInJlYWQiOjMwMDAwMDAwMDAwMCwidXBkYXRlIjoxODAwMDAwMDAwMDAwfSwic2NoZW1hX3ZlcnNpb24iOiIyIn0=",
          "dependencies": [
            "azurerm_resource_group.main"
          ]
        }
      ]
    },
    {
      "mode": "managed",
      "type": "azurerm_key_vault",
      "name": "main",
      "provider": "provider[\"registry.terraform.io/hashicorp/azurerm\"]",
      "instances": [
        {
          "schema_version": 2,
          "attributes": {
            "access_policy": [
              {
                "application_id": "",
                "certificate_permissions": [],
                "key_permissions": [],
                "object_id": "4cdb4824-95ed-4311-bcb0-18bda683beaf",
                "secret_permissions": [
                  "Get",
                  "List",
                  "Set",
                  "Delete",
                  "Purge"
                ],
                "storage_permissions": [],
                "tenant_id": "53bba88e-5b34-465b-87da-7e4d40844178"
              }
            ],
            "contact": [],
            "enable_rbac_authorization": false,
            "enabled_for_deployment": false,
            "enabled_for_disk_encryption": false,
            "enabled_for_template_deployment": false,
            "id": "/subscriptions/2e0449b1-e93f-40c6-8af2-f1bd7a7e9e07/resourceGroups/rg-cloudnative-dev/providers/Microsoft.KeyVault/vaults/kv-cloudnative-dev",
            "location": "eastus",
            "name": "kv-cloudnative-dev",
            "network_acls": [
              {
                "bypass": "AzureServices",
                "default_action": "Allow",
                "ip_rules": [],
                "virtual_network_subnet_ids": []
              }
            ],
            "public_network_access_enabled": true,
            "purge_protection_enabled": false,
            "resource_group_name": "rg-cloudnative-dev",
            "sku_name": "standard",
            "soft_delete_retention_days": 90,
            "tags": {
              "environment": "dev",
              "project": "cloudnative"
            },
            "tenant_id": "53bba88e-5b34-465b-87da-7e4d40844178",
            "timeouts": null,
            "vault_uri": "https://kv-cloudnative-dev.vault.azure.net/"
          },
          "sensitive_attributes": [],
          "identity_schema_version": 0,
          "private": "eyJlMmJmYjczMC1lY2FhLTExZTYtOGY4OC0zNDM2M2JjN2M0YzAiOnsiY3JlYXRlIjoxODAwMDAwMDAwMDAwLCJkZWxldGUiOjE4MDAwMDAwMDAwMDAsInJlYWQiOjMwMDAwMDAwMDAwMCwidXBkYXRlIjoxODAwMDAwMDAwMDAwfSwic2NoZW1hX3ZlcnNpb24iOiIyIn0=",
          "dependencies": [
            "azurerm_resource_group.main",
            "data.azurerm_client_config.current"
          ]
        }
      ]
    },
    {
      "mode": "managed",
      "type": "azurerm_kubernetes_cluster",
      "name": "main",
      "provider": "provider[\"registry.terraform.io/hashicorp/azurerm\"]",
      "instances": [
        {
          "schema_version": 2,
          "attributes": {
            "aci_connector_linux": [],
            "api_server_access_profile": [],
            "api_server_authorized_ip_ranges": [],
            "auto_scaler_profile": [],
            "automatic_channel_upgrade": "",
            "azure_active_directory_role_based_access_control": [],
            "azure_policy_enabled": null,
            "confidential_computing": [],
            "cost_analysis_enabled": false,
            "current_kubernetes_version": "1.33.7",
            "custom_ca_trust_certificates_base64": [],
            "default_node_pool": [
              {
                "capacity_reservation_group_id": "",
                "custom_ca_trust_enabled": false,
                "enable_auto_scaling": false,
                "enable_host_encryption": false,
                "enable_node_public_ip": false,
                "fips_enabled": false,
                "gpu_instance": "",
                "host_group_id": "",
                "kubelet_config": [],
                "kubelet_disk_type": "OS",
                "linux_os_config": [],
                "max_count": 0,
                "max_pods": 30,
                "message_of_the_day": "",
                "min_count": 0,
                "name": "default",
                "node_count": 1,
                "node_labels": {},
                "node_network_profile": [],
                "node_public_ip_prefix_id": "",
                "node_taints": [],
                "only_critical_addons_enabled": false,
                "orchestrator_version": "1.33",
                "os_disk_size_gb": 128,
                "os_disk_type": "Managed",
                "os_sku": "Ubuntu",
                "pod_subnet_id": "",
                "proximity_placement_group_id": "",
                "scale_down_mode": "Delete",
                "snapshot_id": "",
                "tags": {},
                "temporary_name_for_rotation": "",
                "type": "VirtualMachineScaleSets",
                "ultra_ssd_enabled": false,
                "upgrade_settings": [
                  {
                    "drain_timeout_in_minutes": 0,
                    "max_surge": "10%",
                    "node_soak_duration_in_minutes": 0
                  }
                ],
                "vm_size": "Standard_D2s_v3",
                "vnet_subnet_id": "/subscriptions/2e0449b1-e93f-40c6-8af2-f1bd7a7e9e07/resourceGroups/rg-cloudnative-dev/providers/Microsoft.Network/virtualNetworks/vnet-cloudnative-dev/subnets/subnet-aks",
                "workload_runtime": "",
                "zones": []
              }
            ],
            "disk_encryption_set_id": "",
            "dns_prefix": "cloudnative-dev",
            "dns_prefix_private_cluster": "",
            "edge_zone": "",
            "enable_pod_security_policy": false,
            "fqdn": "cloudnative-dev-of4e49ad.hcp.eastus.azmk8s.io",
            "http_application_routing_enabled": null,
            "http_application_routing_zone_name": null,
            "http_proxy_config": [],
            "id": "/subscriptions/2e0449b1-e93f-40c6-8af2-f1bd7a7e9e07/resourceGroups/rg-cloudnative-dev/providers/Microsoft.ContainerService/managedClusters/aks-cloudnative-dev",
            "identity": [
              {
                "identity_ids": [],
                "principal_id": "6a1cbc56-8083-4433-9722-e7426df8fa76",
                "tenant_id": "53bba88e-5b34-465b-87da-7e4d40844178",
                "type": "SystemAssigned"
              }
            ],
            "image_cleaner_enabled": false,
            "image_cleaner_interval_hours": 48,
            "ingress_application_gateway": [],
            "key_management_service": [],
            "key_vault_secrets_provider": [],
            "kube_admin_config": [],
            "kube_admin_config_raw": "",
            "kube_config": [
              {
                "client_certificate": "LS0tLS1CRUdJTiBDRVJUSUZJQ0FURS0tLS0tCk1JSUZIakNDQXdhZ0F3SUJBZ0lSQUlTME05M1BrS2dpTVRVa0xpZHlNLzR3RFFZSktvWklodmNOQVFFTEJRQXcKRFRFTE1Ba0dBMVVFQXhNQ1kyRXdIaGNOTWpZd016SXlNREV4TWpVeVdoY05Namd3TXpJeU1ERXlNalV5V2pBdwpNUmN3RlFZRFZRUUtFdzV6ZVhOMFpXMDZiV0Z6ZEdWeWN6RVZNQk1HQTFVRUF4TU1iV0Z6ZEdWeVkyeHBaVzUwCk1JSUNJakFOQmdrcWhraUc5dzBCQVFFRkFBT0NBZzhBTUlJQ0NnS0NBZ0VBNlUyWmVPeCt3N3NBRWV5MjZaRnkKeWN3WE5idDFTZlExdU1KcXlTY05KSTJGMmFUeWc1Rk5RT2d0NDRza1BrcTR1aFJUVVkwc3M5czhlMit4L1g1ZwozMURWLy9CMmZ3dW83eDZDUEJSdFBKRUk4QkZHSlV2S0dJSnNQUXlZc3JaUkpvdUczYXc4cjg1cGRXMjJnbExWCnovMFp5bVVzRWVKYzlXdm1YQ284emd4dkV2WUt5cllpdldUdmp4cUNMYU82SFNlcFd1SzFlMjRKbWFRclAxa3QKWEJJLytWUnhvU1RhSGIrOEhxWjFhYXpyU094aDVIM1NXKzQybFJuUWtxN0t4b2xYV0ZyVk1uV1lrVGNIUFVzMwpvTVcvRU5xNzRlVDNwN2hCeTJYNVVpQ2tGcFFYdGpPZ1JCcE05VUdYbmdpeHFEU0pDVHFNWGFqTE9iY0FJaVdmCm9QamRMSnRTRUtIWVVVUGRMc3laVUJoR2JZQ3hubE8vQWRHdVVKWkwySkNmazNOK0NZeTBLOFhkaEd0a250dGUKSWZSSDB3TTN1eHpuQnVlOVBrTWVPR3ZCOWRQWWRGNzUxbUl4dk94MGwrUDVGYnJ4aDhjYUhwdUZrUWRxbndiTQp3ZTZUa2dBMC9OV1NDWTc5VlVBVzNYNGZKcFY5U3hScEV6Z2JLbEkyQlg0NFRacXJkYm5OVFpVSTRwbkFvM3NnCmZWWThrVGR4ZktYeXhRRys1ZDlCR0FaZU9aVE1RZVE5QXlzSGQ4V1c5cENpZDhIQ2xFTEs5bjJTQldSTFRNNmoKQXFtYUhvVW5Fa0NQSTF6YWlSU3F6QWgwc1h6VTcrL3J1VWVaOWNaRWxCMFJDT1BPTVBwQXljeFJMYVBNaEo3MgptREdYVDBFZlFaemQ2YmpKcmNPT1FvVUNBd0VBQWFOV01GUXdEZ1lEVlIwUEFRSC9CQVFEQWdXZ01CTUdBMVVkCkpRUU1NQW9HQ0NzR0FRVUZCd01DTUF3R0ExVWRFd0VCL3dRQ01BQXdId1lEVlIwakJCZ3dGb0FVNThGZENJU1YKTDRBa0NYa1RIM3I0a2VsM1B3NHdEUVlKS29aSWh2Y05BUUVMQlFBRGdnSUJBSkVRbi9wdHVTZFlZQUFkTUlmaQpIUFU5K1lmb0xFaStSNFNKbkFCZFM0SjdrR2Nick1rWjZydk5wT2tWaDN3aFltMStVUERneVdYNElpL0hZUktlCncwaXZadkljYmNNT2pWWEQ4NVFvcWhLVGV0UFZwcU9rM24vZ2FSTUl2dzQrSWU4OW5ua2JVK3kxY0ZBN1d0UmsKQTNpQ3p4V201M3NTWjdJWHR3TG8wbEFRbGxvaUZyNkk3dGlTUHZtZDFvbTRkVDFtdnc2NnZlcDlvTmEyK0ttQgptR0xsUWptVXI5QmN5dCsvWHVoZVgxeVY1SzBFV2Z4OXBZY1A2U1lVcE5OMmJCTWQvUDNpMWU2aW1neTV5NGZuCi9VRjlyRjRWbjFRWnhmOEtvRTNpNEpKbk1xWHYxU05sV2xiVGkza0kxV2VSd2U1dnlaSWFUYlNRRUJOdGIyQnIKekMrRmZLN3Y2UTlvV09pTTZKUnhMclBZeGdwenQ0Vnd4Qm1JOFIwSDNyY0VzVmFSRVllZzR1RXlNdzRUbWhsNApESVQ5QjZYcmFyazk4SlVvTEJndndGOEhERnpTV0oxWnVNWkJ5NFNWbmdyZ1paNjAwVmJVanhWVzNlNkZVaTVMCmJ6WnVlWlF3YVo0TUZScFgwT045SURUK1V2cFlmNlU3cmEyTHlZc2h2ZXltdWRXM1V4VnJMaWx1b3dmN1hTQUYKTTVTbTVmWWxTVG5UL01LS20wL0dtMjR2a2xBRlkzaitjdS92K2w2K3JKYlVCcU1qa3kzeEcyaWQ3dTZFRy92VQozN3c4a0JPTStEeS9XeFo4YVJzMGJWZmE3UHpDdk93cVJ2YmRkSFRXSU43NC94Skp6d0t3aVVFeHhvUTFOMFFxCmJKbi9qakxwNWMzbS8zVWRPUTIvVTdlbgotLS0tLUVORCBDRVJUSUZJQ0FURS0tLS0tCg==",
                "client_key": "LS0tLS1CRUdJTiBSU0EgUFJJVkFURSBLRVktLS0tLQpNSUlKS2dJQkFBS0NBZ0VBNlUyWmVPeCt3N3NBRWV5MjZaRnl5Y3dYTmJ0MVNmUTF1TUpxeVNjTkpJMkYyYVR5Cmc1Rk5RT2d0NDRza1BrcTR1aFJUVVkwc3M5czhlMit4L1g1ZzMxRFYvL0IyZnd1bzd4NkNQQlJ0UEpFSThCRkcKSlV2S0dJSnNQUXlZc3JaUkpvdUczYXc4cjg1cGRXMjJnbExWei8wWnltVXNFZUpjOVd2bVhDbzh6Z3h2RXZZSwp5cllpdldUdmp4cUNMYU82SFNlcFd1SzFlMjRKbWFRclAxa3RYQkkvK1ZSeG9TVGFIYis4SHFaMWFhenJTT3hoCjVIM1NXKzQybFJuUWtxN0t4b2xYV0ZyVk1uV1lrVGNIUFVzM29NVy9FTnE3NGVUM3A3aEJ5Mlg1VWlDa0ZwUVgKdGpPZ1JCcE05VUdYbmdpeHFEU0pDVHFNWGFqTE9iY0FJaVdmb1BqZExKdFNFS0hZVVVQZExzeVpVQmhHYllDeApubE8vQWRHdVVKWkwySkNmazNOK0NZeTBLOFhkaEd0a250dGVJZlJIMHdNM3V4em5CdWU5UGtNZU9HdkI5ZFBZCmRGNzUxbUl4dk94MGwrUDVGYnJ4aDhjYUhwdUZrUWRxbndiTXdlNlRrZ0EwL05XU0NZNzlWVUFXM1g0ZkpwVjkKU3hScEV6Z2JLbEkyQlg0NFRacXJkYm5OVFpVSTRwbkFvM3NnZlZZOGtUZHhmS1h5eFFHKzVkOUJHQVplT1pUTQpRZVE5QXlzSGQ4V1c5cENpZDhIQ2xFTEs5bjJTQldSTFRNNmpBcW1hSG9VbkVrQ1BJMXphaVJTcXpBaDBzWHpVCjcrL3J1VWVaOWNaRWxCMFJDT1BPTVBwQXljeFJMYVBNaEo3Mm1ER1hUMEVmUVp6ZDZiakpyY09PUW9VQ0F3RUEKQVFLQ0FnQXVpeU1qaXpiTThKa1dlbDJSWWtsK3RiOHBvcERISkxlMCtPQlo2ZmNHeEU4Z09QYUN4ZkdlRWRQWgowYy8wdDI1Ny9RTVVRWEJhSDFKRkkrYmo5aHI0WWtXWExrOU5rRE52Sk95QmRPZklEZjAwKzVVOWFvM1NidTZPCkRWM0hSWFVTRmdMZFpYZWo4Uzk3MUZ2MVN2Wko3S29CQlVjUitGRm9TdExscnkxN1ErTEM2eUFEQ2V3TFVjQXoKRWV4SGs2TFZIeXo3cXovZWRIam8xR1ltV0xHaWJTZWpJN1FabkdNQlRWZUgyOWlQc1FZdGdhOFQ2UUFYQkFLUwpvMWhIY3lTVUVDRkRTTGZBdmRJbW9rNUk3YUVXNjJ4dlBkdit1SEdwM2FvT25IVHRiQUtnV0lJVWdOOG54d0YwCmFsWUhtcDlxdWJSZkNYV29WN3pYY2tsT0JxaCtFS3VsbWtkZFdoQ3JKeUxtQ2FlQkdPb3o0TUpMVHg5K1VpazcKd2ErcG84QkZrSkNyODhQdnFIQ3p0N29EQ2hxd3ZINUc0THFkK24xaWFVd1RMTWRhaVQ5Qi9tSHZ4cldJY3VwOQp5Ui9TeU43cDFYVHNDWEl2bWJoMW9mc2JRQVE5ZXppWmVlQy8xeFBxaWtNcTFzQmFLM21LaW5KV2M0cmdtV2tjCkhGVFBrdGtLamlqU251VjNsNC83MXNQbk0ydXhkRlc5N3Q0SnV3MVdTNG03eGZBbDJodGtUcjFPak01R0lVMS8KNFo5ZTVGQmJQbkFpRmNDMndFZlBNZDVhZTAzM1hPYzc4ejJzZHhqY28yanJxNk0yS0VqbW84RXMvQmZpOCtBdwpXTmF4TXdOY1h2SDVSVWtRU2VHRTB0WGo3UHVXRUV6UlZQSW9PRXBpQnU5aTlORlo4UUtDQVFFQSt6RnBFTHFDCjBXbk1BeVJNdzZGMTNMZS85NlI3YzNra0h5OXY0Q1g3MFdwei9WVjVlUkc3aU9DTHVlcUJkNU80WTRENGE4SUwKRnU1MDJWUzl5S2JHV2lDUmFwOUhZZk9EaXlyNHhya0JadGJ6Znh6OVNlaVNqL3ExTFNhS0diaU8yMk9yWFFJVQpQc0lWMnRDQWkrS0d0UHNZSklKMjh5MDRyL3k3b3RIRmNlSzd5TnptQ202TFBSdG1taHhmRDJnQ2tlU0o5TE0zClF6YTlpN0dJYjZqTWJOVzYyajhEbXkzbUJ5Y0JmRFhYQ2RBbTdXeVo5dnJ1YXBJUVZZeC9FUDZaLzVSYkpTNVEKamQ4L2lwNTlpYXM1OFhhWHB6L3poaktOZVpzdjIybHl6MGs5NHo4OS9wMzFGbjhJYzdPVVJOb2ZOY1liU25KOApOU3dWOUpPbUJCVnpQUUtDQVFFQTdjU01BUDVXVGxUVHdOVnlhR2taVFQzNUJ2VXdQYmtKaUxoczRKSGNGN2lZCjJnQ2wvM01hNUJqbVBZeHRRVGV1cG5zbVl0YWE0bStQaStXM2x1VjF3ZnVOeW5NZXM2dnQwVUxpQ0w0SEFJV08KdGNLaWxiNGNsbE15Q1J0Tk9ldlRUTFk4Y3AzQXZMbGlNMXFFNEtEQmJCeVdGNjFtc0crcmFwYUd4NU1XYi9jZwpmR3VqR3ExYW1RVXRuOWRmT3JrM1hLZFNrRXB4YTJnNnRHZUxlYVFiTVZlN2d6ZFVkNm5DT200MzV1ejd4NUZ0CkdPcmt5aVc1U0xUMHg2MnNqS2RodWI1UmVscDhsYkU4Z1FQZ3hPT2lSZGk3Mk1ieklIS0Q4dnF2c1laUmNvQnkKQTdHNm5kZEJVbmNuRFFQMnBrU05XV1NQYXNQNFpJVkpPeVJyaXkvZzZRS0NBUUVBMm1jdHFPUGgxbDZjaWFiSQpMOWgwK0FHMElZZWI1dHpQY1dYM2FmYmNxa3BhcTB2a0lFWXd2bVF1V09ueXc1dG0yTzFNRWJWWG13cWVBbERSCjZtSkhXQm0xRmZXRFJVRkxnSGRPY3NwczA1UFZoeElYa0dsczlVN1F0SDhyMkExRitLOENVZzM2dUU1Y1hqS24KY2ZqMWt1bzNKWmRpQVRHeWRpSFNxMUNrMGM2SDQ2OWRQSGk5QzlhRk1UMjEwVmxuMHAzWTdTL2R2czBicFJncApQcHlQa1ptTHF6TGEyZFBnaXh0NUNSeHU2aE5YcFZ1bHlyNkhDWllTS2EvTTAyUHJWZk1TQkpQdWFreFBuU0VNCm1lU01yc3VrTkVGQVpkQVNma2RXSnZuYVh5eVphTHFXRm9vVWpRakt1bjdMVGNveEZMbzVCRlBpZHdEcjNnbDYKY1ZhTktRS0NBUUVBdXZRL2pZeHV1bHJTd1o1VHZpdGRmTEhNL0o2UUZ3aEdxZDB4cHdhcGczRmZwcEs1ODNsRApYTFVEWE1QdEtFbXJKelpRQVlseThiYjhyT2lzaVpiVkYvay9EVCtsbFdzTHJPNGxJdkNnT3RYSlY3dTU4WG94CnFqV3ljeHluaFhLYmk0Y0RVckFkMjRiODR4bzZ2eEZINVVVNDgxY2lGbnRIMHFDWFM1ZXBIZEs0Rlh6aEc5blIKRWQ3VGVBcDEwNHZOTHlwVnJpVUt0NFNXSEVJS2xsUG1HYzg5SHJqRHp1K0pURDViOEZUSXlLdmRsNmtpeXB3TQo2MUYxNHdmNVZBTk13U3NYajloVWU3T0h1bjRkSDFOSnhoZmI1R0RTek9HZVJOQytreHpsTDk0MVNCaFlmMEhCCkdDR2VjQXA4eDFIQnZ0ZG1PWEhyL3NZYXhja21VcVFMK1FLQ0FRRUF4cVVKajBiWkplUXpCdDFHRWgvWGxCdFIKMEhBbVJMSjg4bEFNSlRBdVF3VjAzaEN2OGN0WmlSUnc3czAvNjd0Vy9jNnZWVUFXM1dWRTVsdmFJdWxtTHRoZwp6aEhjVmE1aERtaGVCSmtneWVsUUNnOTBieEE5bmdXY1MzZWt2elBOSXpqeUkyc0ExQ21rVEE0YWFtVFZGNEduCkRacmxsUHNwaEt5ZTFNZW5hUWRscDZkOUtYY1BZMzJFaTN4S0syNG1IKzR5U25jejFZVTJ3M1lCcTNxb0dRSkEKcmJ4WkFhc01sWXdzaGd6c1JZQVl1K0lnVGorSmRCYXBUdy9ldWhERW0zMHlFMUpEalFSc0VaUnJuNWgxTGNVSwphcFpMb3g5bkZieTMyVjRydGNHaWRlK2hIQW0zcS9sZmh1OWFLME4xNVowYVBhNkd0NFo2NGlLa2t1OGQ2dz09Ci0tLS0tRU5EIFJTQSBQUklWQVRFIEtFWS0tLS0tCg==",
                "cluster_ca_certificate": "LS0tLS1CRUdJTiBDRVJUSUZJQ0FURS0tLS0tCk1JSUU2VENDQXRHZ0F3SUJBZ0lSQVBzWExMSm01YXFFdDkybHVRVWtIZGt3RFFZSktvWklodmNOQVFFTEJRQXcKRFRFTE1Ba0dBMVVFQXhNQ1kyRXdJQmNOTWpZd016SXlNREV4TWpVeVdoZ1BNakExTmpBek1qSXdNVEl5TlRKYQpNQTB4Q3pBSkJnTlZCQU1UQW1OaE1JSUNJakFOQmdrcWhraUc5dzBCQVFFRkFBT0NBZzhBTUlJQ0NnS0NBZ0VBCmtyanVGeS9yY0NiUnkrOFdqM2hZdjFKSVR0VDhQWG5zaWpudnlkSzJxTzRiZFhIYURWWS92YnRMMndWSE5QSkEKakRWNGZSVnB0WHg0TWlOckV1cFhQWGJFTGZEcUU2bVgyaGN5R0FoL0tGSGFRd2lwVkxpZTF5eGRkTU1HOHUrSApUT2JGcTQzTS9Ma0h2c2xBYlZ3UkNidVZrT0JoQWdlWENUUFpxTmFyeXJudVJ2VUFNdTZ5bnJLVStZcDRORjNKCjdYYTk4NTRqMWVESkw1RERpUkVwYVBydkRsSnUvMnl6R2pVUVBzNzFKR0IvdjUxdFJUZk9qK2VsSTdLRmJjc2YKZTc2bk51K1JENUdtaHU3eFZSOWc5YmtLc25jbjhHOEhva2lhL2d1MG1WN05qTUNEcXdnYmRqQkpXZGIwMDVHcQpHRUVQZ2d1cWdSQkFSdFBoTGZDMFVVeFppdlhlTXpITlByQkNhblowYmdTSzhkQmF1R0pPZzkyTjJXNFRXUkZLCkFEV0tCWVZLWVRCMjV1OHh5T21Vb1JPalpvd00vM1d6bzRpTUtPV3BoeE9xT0I3SVVGRzZrbkI4anlBUnowMysKQjU2UDB4OG51M2RjUXFqdnBDOTJvNmtsSll4amJBS0kvcHFuQjVzaVEwZ05idEZzVkRTOVpOdEo4ajlLYkxaawpremVkSWxiSnZHVHZKUHlBRFRlMVI3Uk1ZOWZidTl3WndvMEQ1bm8rMTcrVWFsZktBY3lxOERYVXl1YUlQbzgxCkt5aStlZExpYWROYmcvUjVqVnFiZ1FqcGJEVTJBaEdDckFwT3JPTGNiWjVnWU4rMjFiRlFuVnhCUDVBZjcrSHQKR3NtbUkrbmJDMnl1blQrUkFMc2hKWm9UWGt0V1Q2M0J5Y3FZRk9waXFiOENBd0VBQWFOQ01FQXdEZ1lEVlIwUApBUUgvQkFRREFnS2tNQThHQTFVZEV3RUIvd1FGTUFNQkFmOHdIUVlEVlIwT0JCWUVGT2ZCWFFpRWxTK0FKQWw1CkV4OTYrSkhwZHo4T01BMEdDU3FHU0liM0RRRUJDd1VBQTRJQ0FRQlJuOG12NCtvUnR3RW5JclJCSTFWUXBhaFAKaWJqN09ESXozbndBM21zcmRIWEpwQkh5SGtQTXlsUnlScHV0OWM5Rng0SldDS2FlZUhkc1NJQTJPY1RSUWpWKwpyU2U0OFdtL0NNRU5ncVhLRS9mU0ZCeU9ES25lWUg1cGwrMXo4b05Xb0pOR3Z0a0dVM0h2bHdhMEkycG1VdWpFCkt2TFdvd2pybDlnaVpDWWVUMEdDMHJJM1R4TU1QQzlESmdQQ3hYeGcyc1cvSEdNMS9aMW84cnNnN1E4L3pkR2gKY1phUDZkSXJjUTFvTFRFbGtFNk1Jbm1JWUxqc3BKcUpSS245NDhjWGZZdlh4Nlo5SkcxN05IN3gxQ1NnRk80dApLTUhkcjdpOUlHQ0thQmJFMXlMcDZmdElqaEdDOW9VMzlERTROU0I3MFoybEFaT3o1YmZJTHkvMXR3bmpoZS9vCkVzS3hsOTZYbDZuZzBhNnEwd2UybldlUGlJaGRySnovdllpbVU3Ym9iakZyVDVvNEtvZi8xV2VYZ01IbVoyR3UKU3FCbDlnQkt0V1ZLa3lYRVFubzBpQXpWdE9vZ3ExdHJsWHdpQWlFMXNzMTMxZUNkeFhEVEdFQm0rNVJLNXF5TwphZFdTaWFkTzZVa3JRVlozc2NQU1ZYVDRtcEtYbHVsc1BjQm1tbWFreXpZZ0s4eWl5a3ZKenpGNS83S3U1eXliCkh0U2kvR0dFNGpSQ1pYdEk1a09TMG40QjdLcGcyWXorSld6NGNHUFNzRHlvekltUHNIMDUwNTlBa1hoWUh5SGUKU3RUSkh4U2xhTGw3WCs0ekVFT3Z6cmxybEtJVThJVDVhUGhNbnFrYjROYmwvcEZzSnB0S0o0cTNQaVF4bnlJZwo3UUNad1llSnRLYVZ2QVd4cVE9PQotLS0tLUVORCBDRVJUSUZJQ0FURS0tLS0tCg==",
                "host": "https://cloudnative-dev-of4e49ad.hcp.eastus.azmk8s.io:443",
                "password": "taik5dvk0y6n4ygfc0f86u60do5tsiltvopsff1vfakasb3gll7qs38xamt4e3oe34w38jp0fk19xgnctvpc0ex5xl473rsetql57wu9wf4zv22f2d3xrrawmxe5rynt",
                "username": "clusterUser_rg-cloudnative-dev_aks-cloudnative-dev"
              }
            ],
            "kube_config_raw": "apiVersion: v1\nclusters:\n- cluster:\n    certificate-authority-data: LS0tLS1CRUdJTiBDRVJUSUZJQ0FURS0tLS0tCk1JSUU2VENDQXRHZ0F3SUJBZ0lSQVBzWExMSm01YXFFdDkybHVRVWtIZGt3RFFZSktvWklodmNOQVFFTEJRQXcKRFRFTE1Ba0dBMVVFQXhNQ1kyRXdJQmNOTWpZd016SXlNREV4TWpVeVdoZ1BNakExTmpBek1qSXdNVEl5TlRKYQpNQTB4Q3pBSkJnTlZCQU1UQW1OaE1JSUNJakFOQmdrcWhraUc5dzBCQVFFRkFBT0NBZzhBTUlJQ0NnS0NBZ0VBCmtyanVGeS9yY0NiUnkrOFdqM2hZdjFKSVR0VDhQWG5zaWpudnlkSzJxTzRiZFhIYURWWS92YnRMMndWSE5QSkEKakRWNGZSVnB0WHg0TWlOckV1cFhQWGJFTGZEcUU2bVgyaGN5R0FoL0tGSGFRd2lwVkxpZTF5eGRkTU1HOHUrSApUT2JGcTQzTS9Ma0h2c2xBYlZ3UkNidVZrT0JoQWdlWENUUFpxTmFyeXJudVJ2VUFNdTZ5bnJLVStZcDRORjNKCjdYYTk4NTRqMWVESkw1RERpUkVwYVBydkRsSnUvMnl6R2pVUVBzNzFKR0IvdjUxdFJUZk9qK2VsSTdLRmJjc2YKZTc2bk51K1JENUdtaHU3eFZSOWc5YmtLc25jbjhHOEhva2lhL2d1MG1WN05qTUNEcXdnYmRqQkpXZGIwMDVHcQpHRUVQZ2d1cWdSQkFSdFBoTGZDMFVVeFppdlhlTXpITlByQkNhblowYmdTSzhkQmF1R0pPZzkyTjJXNFRXUkZLCkFEV0tCWVZLWVRCMjV1OHh5T21Vb1JPalpvd00vM1d6bzRpTUtPV3BoeE9xT0I3SVVGRzZrbkI4anlBUnowMysKQjU2UDB4OG51M2RjUXFqdnBDOTJvNmtsSll4amJBS0kvcHFuQjVzaVEwZ05idEZzVkRTOVpOdEo4ajlLYkxaawpremVkSWxiSnZHVHZKUHlBRFRlMVI3Uk1ZOWZidTl3WndvMEQ1bm8rMTcrVWFsZktBY3lxOERYVXl1YUlQbzgxCkt5aStlZExpYWROYmcvUjVqVnFiZ1FqcGJEVTJBaEdDckFwT3JPTGNiWjVnWU4rMjFiRlFuVnhCUDVBZjcrSHQKR3NtbUkrbmJDMnl1blQrUkFMc2hKWm9UWGt0V1Q2M0J5Y3FZRk9waXFiOENBd0VBQWFOQ01FQXdEZ1lEVlIwUApBUUgvQkFRREFnS2tNQThHQTFVZEV3RUIvd1FGTUFNQkFmOHdIUVlEVlIwT0JCWUVGT2ZCWFFpRWxTK0FKQWw1CkV4OTYrSkhwZHo4T01BMEdDU3FHU0liM0RRRUJDd1VBQTRJQ0FRQlJuOG12NCtvUnR3RW5JclJCSTFWUXBhaFAKaWJqN09ESXozbndBM21zcmRIWEpwQkh5SGtQTXlsUnlScHV0OWM5Rng0SldDS2FlZUhkc1NJQTJPY1RSUWpWKwpyU2U0OFdtL0NNRU5ncVhLRS9mU0ZCeU9ES25lWUg1cGwrMXo4b05Xb0pOR3Z0a0dVM0h2bHdhMEkycG1VdWpFCkt2TFdvd2pybDlnaVpDWWVUMEdDMHJJM1R4TU1QQzlESmdQQ3hYeGcyc1cvSEdNMS9aMW84cnNnN1E4L3pkR2gKY1phUDZkSXJjUTFvTFRFbGtFNk1Jbm1JWUxqc3BKcUpSS245NDhjWGZZdlh4Nlo5SkcxN05IN3gxQ1NnRk80dApLTUhkcjdpOUlHQ0thQmJFMXlMcDZmdElqaEdDOW9VMzlERTROU0I3MFoybEFaT3o1YmZJTHkvMXR3bmpoZS9vCkVzS3hsOTZYbDZuZzBhNnEwd2UybldlUGlJaGRySnovdllpbVU3Ym9iakZyVDVvNEtvZi8xV2VYZ01IbVoyR3UKU3FCbDlnQkt0V1ZLa3lYRVFubzBpQXpWdE9vZ3ExdHJsWHdpQWlFMXNzMTMxZUNkeFhEVEdFQm0rNVJLNXF5TwphZFdTaWFkTzZVa3JRVlozc2NQU1ZYVDRtcEtYbHVsc1BjQm1tbWFreXpZZ0s4eWl5a3ZKenpGNS83S3U1eXliCkh0U2kvR0dFNGpSQ1pYdEk1a09TMG40QjdLcGcyWXorSld6NGNHUFNzRHlvekltUHNIMDUwNTlBa1hoWUh5SGUKU3RUSkh4U2xhTGw3WCs0ekVFT3Z6cmxybEtJVThJVDVhUGhNbnFrYjROYmwvcEZzSnB0S0o0cTNQaVF4bnlJZwo3UUNad1llSnRLYVZ2QVd4cVE9PQotLS0tLUVORCBDRVJUSUZJQ0FURS0tLS0tCg==\n    server: https://cloudnative-dev-of4e49ad.hcp.eastus.azmk8s.io:443\n  name: aks-cloudnative-dev\ncontexts:\n- context:\n    cluster: aks-cloudnative-dev\n    user: clusterUser_rg-cloudnative-dev_aks-cloudnative-dev\n  name: aks-cloudnative-dev\ncurrent-context: aks-cloudnative-dev\nkind: Config\nusers:\n- name: clusterUser_rg-cloudnative-dev_aks-cloudnative-dev\n  user:\n    client-certificate-data: LS0tLS1CRUdJTiBDRVJUSUZJQ0FURS0tLS0tCk1JSUZIakNDQXdhZ0F3SUJBZ0lSQUlTME05M1BrS2dpTVRVa0xpZHlNLzR3RFFZSktvWklodmNOQVFFTEJRQXcKRFRFTE1Ba0dBMVVFQXhNQ1kyRXdIaGNOTWpZd016SXlNREV4TWpVeVdoY05Namd3TXpJeU1ERXlNalV5V2pBdwpNUmN3RlFZRFZRUUtFdzV6ZVhOMFpXMDZiV0Z6ZEdWeWN6RVZNQk1HQTFVRUF4TU1iV0Z6ZEdWeVkyeHBaVzUwCk1JSUNJakFOQmdrcWhraUc5dzBCQVFFRkFBT0NBZzhBTUlJQ0NnS0NBZ0VBNlUyWmVPeCt3N3NBRWV5MjZaRnkKeWN3WE5idDFTZlExdU1KcXlTY05KSTJGMmFUeWc1Rk5RT2d0NDRza1BrcTR1aFJUVVkwc3M5czhlMit4L1g1ZwozMURWLy9CMmZ3dW83eDZDUEJSdFBKRUk4QkZHSlV2S0dJSnNQUXlZc3JaUkpvdUczYXc4cjg1cGRXMjJnbExWCnovMFp5bVVzRWVKYzlXdm1YQ284emd4dkV2WUt5cllpdldUdmp4cUNMYU82SFNlcFd1SzFlMjRKbWFRclAxa3QKWEJJLytWUnhvU1RhSGIrOEhxWjFhYXpyU094aDVIM1NXKzQybFJuUWtxN0t4b2xYV0ZyVk1uV1lrVGNIUFVzMwpvTVcvRU5xNzRlVDNwN2hCeTJYNVVpQ2tGcFFYdGpPZ1JCcE05VUdYbmdpeHFEU0pDVHFNWGFqTE9iY0FJaVdmCm9QamRMSnRTRUtIWVVVUGRMc3laVUJoR2JZQ3hubE8vQWRHdVVKWkwySkNmazNOK0NZeTBLOFhkaEd0a250dGUKSWZSSDB3TTN1eHpuQnVlOVBrTWVPR3ZCOWRQWWRGNzUxbUl4dk94MGwrUDVGYnJ4aDhjYUhwdUZrUWRxbndiTQp3ZTZUa2dBMC9OV1NDWTc5VlVBVzNYNGZKcFY5U3hScEV6Z2JLbEkyQlg0NFRacXJkYm5OVFpVSTRwbkFvM3NnCmZWWThrVGR4ZktYeXhRRys1ZDlCR0FaZU9aVE1RZVE5QXlzSGQ4V1c5cENpZDhIQ2xFTEs5bjJTQldSTFRNNmoKQXFtYUhvVW5Fa0NQSTF6YWlSU3F6QWgwc1h6VTcrL3J1VWVaOWNaRWxCMFJDT1BPTVBwQXljeFJMYVBNaEo3MgptREdYVDBFZlFaemQ2YmpKcmNPT1FvVUNBd0VBQWFOV01GUXdEZ1lEVlIwUEFRSC9CQVFEQWdXZ01CTUdBMVVkCkpRUU1NQW9HQ0NzR0FRVUZCd01DTUF3R0ExVWRFd0VCL3dRQ01BQXdId1lEVlIwakJCZ3dGb0FVNThGZENJU1YKTDRBa0NYa1RIM3I0a2VsM1B3NHdEUVlKS29aSWh2Y05BUUVMQlFBRGdnSUJBSkVRbi9wdHVTZFlZQUFkTUlmaQpIUFU5K1lmb0xFaStSNFNKbkFCZFM0SjdrR2Nick1rWjZydk5wT2tWaDN3aFltMStVUERneVdYNElpL0hZUktlCncwaXZadkljYmNNT2pWWEQ4NVFvcWhLVGV0UFZwcU9rM24vZ2FSTUl2dzQrSWU4OW5ua2JVK3kxY0ZBN1d0UmsKQTNpQ3p4V201M3NTWjdJWHR3TG8wbEFRbGxvaUZyNkk3dGlTUHZtZDFvbTRkVDFtdnc2NnZlcDlvTmEyK0ttQgptR0xsUWptVXI5QmN5dCsvWHVoZVgxeVY1SzBFV2Z4OXBZY1A2U1lVcE5OMmJCTWQvUDNpMWU2aW1neTV5NGZuCi9VRjlyRjRWbjFRWnhmOEtvRTNpNEpKbk1xWHYxU05sV2xiVGkza0kxV2VSd2U1dnlaSWFUYlNRRUJOdGIyQnIKekMrRmZLN3Y2UTlvV09pTTZKUnhMclBZeGdwenQ0Vnd4Qm1JOFIwSDNyY0VzVmFSRVllZzR1RXlNdzRUbWhsNApESVQ5QjZYcmFyazk4SlVvTEJndndGOEhERnpTV0oxWnVNWkJ5NFNWbmdyZ1paNjAwVmJVanhWVzNlNkZVaTVMCmJ6WnVlWlF3YVo0TUZScFgwT045SURUK1V2cFlmNlU3cmEyTHlZc2h2ZXltdWRXM1V4VnJMaWx1b3dmN1hTQUYKTTVTbTVmWWxTVG5UL01LS20wL0dtMjR2a2xBRlkzaitjdS92K2w2K3JKYlVCcU1qa3kzeEcyaWQ3dTZFRy92VQozN3c4a0JPTStEeS9XeFo4YVJzMGJWZmE3UHpDdk93cVJ2YmRkSFRXSU43NC94Skp6d0t3aVVFeHhvUTFOMFFxCmJKbi9qakxwNWMzbS8zVWRPUTIvVTdlbgotLS0tLUVORCBDRVJUSUZJQ0FURS0tLS0tCg==\n    client-key-data: LS0tLS1CRUdJTiBSU0EgUFJJVkFURSBLRVktLS0tLQpNSUlKS2dJQkFBS0NBZ0VBNlUyWmVPeCt3N3NBRWV5MjZaRnl5Y3dYTmJ0MVNmUTF1TUpxeVNjTkpJMkYyYVR5Cmc1Rk5RT2d0NDRza1BrcTR1aFJUVVkwc3M5czhlMit4L1g1ZzMxRFYvL0IyZnd1bzd4NkNQQlJ0UEpFSThCRkcKSlV2S0dJSnNQUXlZc3JaUkpvdUczYXc4cjg1cGRXMjJnbExWei8wWnltVXNFZUpjOVd2bVhDbzh6Z3h2RXZZSwp5cllpdldUdmp4cUNMYU82SFNlcFd1SzFlMjRKbWFRclAxa3RYQkkvK1ZSeG9TVGFIYis4SHFaMWFhenJTT3hoCjVIM1NXKzQybFJuUWtxN0t4b2xYV0ZyVk1uV1lrVGNIUFVzM29NVy9FTnE3NGVUM3A3aEJ5Mlg1VWlDa0ZwUVgKdGpPZ1JCcE05VUdYbmdpeHFEU0pDVHFNWGFqTE9iY0FJaVdmb1BqZExKdFNFS0hZVVVQZExzeVpVQmhHYllDeApubE8vQWRHdVVKWkwySkNmazNOK0NZeTBLOFhkaEd0a250dGVJZlJIMHdNM3V4em5CdWU5UGtNZU9HdkI5ZFBZCmRGNzUxbUl4dk94MGwrUDVGYnJ4aDhjYUhwdUZrUWRxbndiTXdlNlRrZ0EwL05XU0NZNzlWVUFXM1g0ZkpwVjkKU3hScEV6Z2JLbEkyQlg0NFRacXJkYm5OVFpVSTRwbkFvM3NnZlZZOGtUZHhmS1h5eFFHKzVkOUJHQVplT1pUTQpRZVE5QXlzSGQ4V1c5cENpZDhIQ2xFTEs5bjJTQldSTFRNNmpBcW1hSG9VbkVrQ1BJMXphaVJTcXpBaDBzWHpVCjcrL3J1VWVaOWNaRWxCMFJDT1BPTVBwQXljeFJMYVBNaEo3Mm1ER1hUMEVmUVp6ZDZiakpyY09PUW9VQ0F3RUEKQVFLQ0FnQXVpeU1qaXpiTThKa1dlbDJSWWtsK3RiOHBvcERISkxlMCtPQlo2ZmNHeEU4Z09QYUN4ZkdlRWRQWgowYy8wdDI1Ny9RTVVRWEJhSDFKRkkrYmo5aHI0WWtXWExrOU5rRE52Sk95QmRPZklEZjAwKzVVOWFvM1NidTZPCkRWM0hSWFVTRmdMZFpYZWo4Uzk3MUZ2MVN2Wko3S29CQlVjUitGRm9TdExscnkxN1ErTEM2eUFEQ2V3TFVjQXoKRWV4SGs2TFZIeXo3cXovZWRIam8xR1ltV0xHaWJTZWpJN1FabkdNQlRWZUgyOWlQc1FZdGdhOFQ2UUFYQkFLUwpvMWhIY3lTVUVDRkRTTGZBdmRJbW9rNUk3YUVXNjJ4dlBkdit1SEdwM2FvT25IVHRiQUtnV0lJVWdOOG54d0YwCmFsWUhtcDlxdWJSZkNYV29WN3pYY2tsT0JxaCtFS3VsbWtkZFdoQ3JKeUxtQ2FlQkdPb3o0TUpMVHg5K1VpazcKd2ErcG84QkZrSkNyODhQdnFIQ3p0N29EQ2hxd3ZINUc0THFkK24xaWFVd1RMTWRhaVQ5Qi9tSHZ4cldJY3VwOQp5Ui9TeU43cDFYVHNDWEl2bWJoMW9mc2JRQVE5ZXppWmVlQy8xeFBxaWtNcTFzQmFLM21LaW5KV2M0cmdtV2tjCkhGVFBrdGtLamlqU251VjNsNC83MXNQbk0ydXhkRlc5N3Q0SnV3MVdTNG03eGZBbDJodGtUcjFPak01R0lVMS8KNFo5ZTVGQmJQbkFpRmNDMndFZlBNZDVhZTAzM1hPYzc4ejJzZHhqY28yanJxNk0yS0VqbW84RXMvQmZpOCtBdwpXTmF4TXdOY1h2SDVSVWtRU2VHRTB0WGo3UHVXRUV6UlZQSW9PRXBpQnU5aTlORlo4UUtDQVFFQSt6RnBFTHFDCjBXbk1BeVJNdzZGMTNMZS85NlI3YzNra0h5OXY0Q1g3MFdwei9WVjVlUkc3aU9DTHVlcUJkNU80WTRENGE4SUwKRnU1MDJWUzl5S2JHV2lDUmFwOUhZZk9EaXlyNHhya0JadGJ6Znh6OVNlaVNqL3ExTFNhS0diaU8yMk9yWFFJVQpQc0lWMnRDQWkrS0d0UHNZSklKMjh5MDRyL3k3b3RIRmNlSzd5TnptQ202TFBSdG1taHhmRDJnQ2tlU0o5TE0zClF6YTlpN0dJYjZqTWJOVzYyajhEbXkzbUJ5Y0JmRFhYQ2RBbTdXeVo5dnJ1YXBJUVZZeC9FUDZaLzVSYkpTNVEKamQ4L2lwNTlpYXM1OFhhWHB6L3poaktOZVpzdjIybHl6MGs5NHo4OS9wMzFGbjhJYzdPVVJOb2ZOY1liU25KOApOU3dWOUpPbUJCVnpQUUtDQVFFQTdjU01BUDVXVGxUVHdOVnlhR2taVFQzNUJ2VXdQYmtKaUxoczRKSGNGN2lZCjJnQ2wvM01hNUJqbVBZeHRRVGV1cG5zbVl0YWE0bStQaStXM2x1VjF3ZnVOeW5NZXM2dnQwVUxpQ0w0SEFJV08KdGNLaWxiNGNsbE15Q1J0Tk9ldlRUTFk4Y3AzQXZMbGlNMXFFNEtEQmJCeVdGNjFtc0crcmFwYUd4NU1XYi9jZwpmR3VqR3ExYW1RVXRuOWRmT3JrM1hLZFNrRXB4YTJnNnRHZUxlYVFiTVZlN2d6ZFVkNm5DT200MzV1ejd4NUZ0CkdPcmt5aVc1U0xUMHg2MnNqS2RodWI1UmVscDhsYkU4Z1FQZ3hPT2lSZGk3Mk1ieklIS0Q4dnF2c1laUmNvQnkKQTdHNm5kZEJVbmNuRFFQMnBrU05XV1NQYXNQNFpJVkpPeVJyaXkvZzZRS0NBUUVBMm1jdHFPUGgxbDZjaWFiSQpMOWgwK0FHMElZZWI1dHpQY1dYM2FmYmNxa3BhcTB2a0lFWXd2bVF1V09ueXc1dG0yTzFNRWJWWG13cWVBbERSCjZtSkhXQm0xRmZXRFJVRkxnSGRPY3NwczA1UFZoeElYa0dsczlVN1F0SDhyMkExRitLOENVZzM2dUU1Y1hqS24KY2ZqMWt1bzNKWmRpQVRHeWRpSFNxMUNrMGM2SDQ2OWRQSGk5QzlhRk1UMjEwVmxuMHAzWTdTL2R2czBicFJncApQcHlQa1ptTHF6TGEyZFBnaXh0NUNSeHU2aE5YcFZ1bHlyNkhDWllTS2EvTTAyUHJWZk1TQkpQdWFreFBuU0VNCm1lU01yc3VrTkVGQVpkQVNma2RXSnZuYVh5eVphTHFXRm9vVWpRakt1bjdMVGNveEZMbzVCRlBpZHdEcjNnbDYKY1ZhTktRS0NBUUVBdXZRL2pZeHV1bHJTd1o1VHZpdGRmTEhNL0o2UUZ3aEdxZDB4cHdhcGczRmZwcEs1ODNsRApYTFVEWE1QdEtFbXJKelpRQVlseThiYjhyT2lzaVpiVkYvay9EVCtsbFdzTHJPNGxJdkNnT3RYSlY3dTU4WG94CnFqV3ljeHluaFhLYmk0Y0RVckFkMjRiODR4bzZ2eEZINVVVNDgxY2lGbnRIMHFDWFM1ZXBIZEs0Rlh6aEc5blIKRWQ3VGVBcDEwNHZOTHlwVnJpVUt0NFNXSEVJS2xsUG1HYzg5SHJqRHp1K0pURDViOEZUSXlLdmRsNmtpeXB3TQo2MUYxNHdmNVZBTk13U3NYajloVWU3T0h1bjRkSDFOSnhoZmI1R0RTek9HZVJOQytreHpsTDk0MVNCaFlmMEhCCkdDR2VjQXA4eDFIQnZ0ZG1PWEhyL3NZYXhja21VcVFMK1FLQ0FRRUF4cVVKajBiWkplUXpCdDFHRWgvWGxCdFIKMEhBbVJMSjg4bEFNSlRBdVF3VjAzaEN2OGN0WmlSUnc3czAvNjd0Vy9jNnZWVUFXM1dWRTVsdmFJdWxtTHRoZwp6aEhjVmE1aERtaGVCSmtneWVsUUNnOTBieEE5bmdXY1MzZWt2elBOSXpqeUkyc0ExQ21rVEE0YWFtVFZGNEduCkRacmxsUHNwaEt5ZTFNZW5hUWRscDZkOUtYY1BZMzJFaTN4S0syNG1IKzR5U25jejFZVTJ3M1lCcTNxb0dRSkEKcmJ4WkFhc01sWXdzaGd6c1JZQVl1K0lnVGorSmRCYXBUdy9ldWhERW0zMHlFMUpEalFSc0VaUnJuNWgxTGNVSwphcFpMb3g5bkZieTMyVjRydGNHaWRlK2hIQW0zcS9sZmh1OWFLME4xNVowYVBhNkd0NFo2NGlLa2t1OGQ2dz09Ci0tLS0tRU5EIFJTQSBQUklWQVRFIEtFWS0tLS0tCg==\n    token: taik5dvk0y6n4ygfc0f86u60do5tsiltvopsff1vfakasb3gll7qs38xamt4e3oe34w38jp0fk19xgnctvpc0ex5xl473rsetql57wu9wf4zv22f2d3xrrawmxe5rynt\n",
            "kubelet_identity": [
              {
                "client_id": "06d3f403-bb5a-4e3a-97b7-cb68c99b37df",
                "object_id": "0016f8de-b0a7-4342-ae3d-0b80a7d4288a",
                "user_assigned_identity_id": "/subscriptions/2e0449b1-e93f-40c6-8af2-f1bd7a7e9e07/resourceGroups/MC_rg-cloudnative-dev_aks-cloudnative-dev_eastus/providers/Microsoft.ManagedIdentity/userAssignedIdentities/aks-cloudnative-dev-agentpool"
              }
            ],
            "kubernetes_version": "1.33",
            "linux_profile": [],
            "local_account_disabled": false,
            "location": "eastus",
            "maintenance_window": [],
            "maintenance_window_auto_upgrade": [],
            "maintenance_window_node_os": [],
            "microsoft_defender": [],
            "monitor_metrics": [],
            "name": "aks-cloudnative-dev",
            "network_profile": [
              {
                "dns_service_ip": "10.1.0.10",
                "docker_bridge_cidr": "",
                "ebpf_data_plane": "",
                "ip_versions": [
                  "IPv4"
                ],
                "load_balancer_profile": [
                  {
                    "effective_outbound_ips": [
                      "/subscriptions/2e0449b1-e93f-40c6-8af2-f1bd7a7e9e07/resourceGroups/MC_rg-cloudnative-dev_aks-cloudnative-dev_eastus/providers/Microsoft.Network/publicIPAddresses/bc3195fa-c8a1-4bcd-bab2-41c455d0aa82"
                    ],
                    "idle_timeout_in_minutes": 0,
                    "managed_outbound_ip_count": 1,
                    "managed_outbound_ipv6_count": 0,
                    "outbound_ip_address_ids": [],
                    "outbound_ip_prefix_ids": [],
                    "outbound_ports_allocated": 0
                  }
                ],
                "load_balancer_sku": "standard",
                "nat_gateway_profile": [],
                "network_data_plane": "azure",
                "network_mode": "",
                "network_plugin": "azure",
                "network_plugin_mode": "",
                "network_policy": "",
                "outbound_ip_address_ids": [],
                "outbound_ip_prefix_ids": [],
                "outbound_type": "loadBalancer",
                "pod_cidr": "",
                "pod_cidrs": [],
                "service_cidr": "10.1.0.0/16",
                "service_cidrs": [
                  "10.1.0.0/16"
                ]
              }
            ],
            "node_os_channel_upgrade": null,
            "node_resource_group": "MC_rg-cloudnative-dev_aks-cloudnative-dev_eastus",
            "node_resource_group_id": "/subscriptions/2e0449b1-e93f-40c6-8af2-f1bd7a7e9e07/resourceGroups/MC_rg-cloudnative-dev_aks-cloudnative-dev_eastus",
            "oidc_issuer_enabled": false,
            "oidc_issuer_url": "",
            "oms_agent": [],
            "open_service_mesh_enabled": null,
            "portal_fqdn": "cloudnative-dev-of4e49ad.portal.hcp.eastus.azmk8s.io",
            "private_cluster_enabled": false,
            "private_cluster_public_fqdn_enabled": false,
            "private_dns_zone_id": "",
            "private_fqdn": "",
            "public_network_access_enabled": true,
            "resource_group_name": "rg-cloudnative-dev",
            "role_based_access_control_enabled": true,
            "run_command_enabled": true,
            "service_mesh_profile": [],
            "service_principal": [],
            "sku_tier": "Free",
            "storage_profile": [],
            "support_plan": "KubernetesOfficial",
            "tags": {
              "environment": "dev",
              "project": "cloudnative"
            },
            "timeouts": null,
            "web_app_routing": [],
            "windows_profile": [
              {
                "admin_password": "",
                "admin_username": "azureuser",
                "gmsa": [],
                "license": ""
              }
            ],
            "workload_autoscaler_profile": [],
            "workload_identity_enabled": false
          },
          "sensitive_attributes": [
            [
              {
                "type": "get_attr",
                "value": "kube_admin_config"
              }
            ],
            [
              {
                "type": "get_attr",
                "value": "kube_admin_config_raw"
              }
            ],
            [
              {
                "type": "get_attr",
                "value": "kube_config"
              }
            ],
            [
              {
                "type": "get_attr",
                "value": "kube_config_raw"
              }
            ],
            [
              {
                "type": "get_attr",
                "value": "windows_profile"
              },
              {
                "type": "index",
                "value": {
                  "value": 0,
                  "type": "number"
                }
              },
              {
                "type": "get_attr",
                "value": "admin_password"
              }
            ]
          ],
          "identity_schema_version": 0,
          "private": "eyJlMmJmYjczMC1lY2FhLTExZTYtOGY4OC0zNDM2M2JjN2M0YzAiOnsiY3JlYXRlIjo1NDAwMDAwMDAwMDAwLCJkZWxldGUiOjU0MDAwMDAwMDAwMDAsInJlYWQiOjMwMDAwMDAwMDAwMCwidXBkYXRlIjo1NDAwMDAwMDAwMDAwfSwic2NoZW1hX3ZlcnNpb24iOiIyIn0=",
          "dependencies": [
            "azurerm_resource_group.main",
            "azurerm_subnet.aks",
            "azurerm_virtual_network.main"
          ]
        }
      ]
    },
    {
      "mode": "managed",
      "type": "azurerm_network_security_group",
      "name": "aks",
      "provider": "provider[\"registry.terraform.io/hashicorp/azurerm\"]",
      "instances": [
        {
          "schema_version": 0,
          "attributes": {
            "id": "/subscriptions/2e0449b1-e93f-40c6-8af2-f1bd7a7e9e07/resourceGroups/rg-cloudnative-dev/providers/Microsoft.Network/networkSecurityGroups/nsg-aks-dev",
            "location": "eastus",
            "name": "nsg-aks-dev",
            "resource_group_name": "rg-cloudnative-dev",
            "security_rule": [
              {
                "access": "Allow",
                "description": "",
                "destination_address_prefix": "*",
                "destination_address_prefixes": [],
                "destination_application_security_group_ids": [],
                "destination_port_range": "443",
                "destination_port_ranges": [],
                "direction": "Inbound",
                "name": "allow-https",
                "priority": 100,
                "protocol": "Tcp",
                "source_address_prefix": "*",
                "source_address_prefixes": [],
                "source_application_security_group_ids": [],
                "source_port_range": "*",
                "source_port_ranges": []
              },
              {
                "access": "Allow",
                "description": "",
                "destination_address_prefix": "*",
                "destination_address_prefixes": [],
                "destination_application_security_group_ids": [],
                "destination_port_range": "80",
                "destination_port_ranges": [],
                "direction": "Inbound",
                "name": "allow-http",
                "priority": 110,
                "protocol": "Tcp",
                "source_address_prefix": "*",
                "source_address_prefixes": [],
                "source_application_security_group_ids": [],
                "source_port_range": "*",
                "source_port_ranges": []
              }
            ],
            "tags": {
              "environment": "dev",
              "project": "cloudnative"
            },
            "timeouts": null
          },
          "sensitive_attributes": [],
          "identity_schema_version": 0,
          "private": "eyJlMmJmYjczMC1lY2FhLTExZTYtOGY4OC0zNDM2M2JjN2M0YzAiOnsiY3JlYXRlIjoxODAwMDAwMDAwMDAwLCJkZWxldGUiOjE4MDAwMDAwMDAwMDAsInJlYWQiOjMwMDAwMDAwMDAwMCwidXBkYXRlIjoxODAwMDAwMDAwMDAwfX0=",
          "dependencies": [
            "azurerm_resource_group.main"
          ]
        }
      ]
    },
    {
      "mode": "managed",
      "type": "azurerm_public_ip",
      "name": "appgw",
      "provider": "provider[\"registry.terraform.io/hashicorp/azurerm\"]",
      "instances": [
        {
          "schema_version": 0,
          "attributes": {
            "allocation_method": "Static",
            "ddos_protection_mode": "VirtualNetworkInherited",
            "ddos_protection_plan_id": null,
            "domain_name_label": null,
            "edge_zone": "",
            "fqdn": null,
            "id": "/subscriptions/2e0449b1-e93f-40c6-8af2-f1bd7a7e9e07/resourceGroups/rg-cloudnative-dev/providers/Microsoft.Network/publicIPAddresses/pip-appgw-dev",
            "idle_timeout_in_minutes": 4,
            "ip_address": "40.117.249.118",
            "ip_tags": {},
            "ip_version": "IPv4",
            "location": "eastus",
            "name": "pip-appgw-dev",
            "public_ip_prefix_id": null,
            "resource_group_name": "rg-cloudnative-dev",
            "reverse_fqdn": null,
            "sku": "Standard",
            "sku_tier": "Regional",
            "tags": {
              "environment": "dev",
              "project": "cloudnative"
            },
            "timeouts": null,
            "zones": []
          },
          "sensitive_attributes": [],
          "identity_schema_version": 0,
          "private": "eyJlMmJmYjczMC1lY2FhLTExZTYtOGY4OC0zNDM2M2JjN2M0YzAiOnsiY3JlYXRlIjoxODAwMDAwMDAwMDAwLCJkZWxldGUiOjE4MDAwMDAwMDAwMDAsInJlYWQiOjMwMDAwMDAwMDAwMCwidXBkYXRlIjoxODAwMDAwMDAwMDAwfX0=",
          "dependencies": [
            "azurerm_resource_group.main"
          ]
        }
      ]
    },
    {
      "mode": "managed",
      "type": "azurerm_resource_group",
      "name": "main",
      "provider": "provider[\"registry.terraform.io/hashicorp/azurerm\"]",
      "instances": [
        {
          "schema_version": 0,
          "attributes": {
            "id": "/subscriptions/2e0449b1-e93f-40c6-8af2-f1bd7a7e9e07/resourceGroups/rg-cloudnative-dev",
            "location": "eastus",
            "managed_by": "",
            "name": "rg-cloudnative-dev",
            "tags": {
              "environment": "dev",
              "project": "cloudnative"
            },
            "timeouts": null
          },
          "sensitive_attributes": [],
          "identity_schema_version": 0,
          "private": "eyJlMmJmYjczMC1lY2FhLTExZTYtOGY4OC0zNDM2M2JjN2M0YzAiOnsiY3JlYXRlIjo1NDAwMDAwMDAwMDAwLCJkZWxldGUiOjU0MDAwMDAwMDAwMDAsInJlYWQiOjMwMDAwMDAwMDAwMCwidXBkYXRlIjo1NDAwMDAwMDAwMDAwfX0="
        }
      ]
    },
    {
      "mode": "managed",
      "type": "azurerm_role_assignment",
      "name": "aks_acr",
      "provider": "provider[\"registry.terraform.io/hashicorp/azurerm\"]",
      "instances": [
        {
          "schema_version": 0,
          "attributes": {
            "condition": "",
            "condition_version": "",
            "delegated_managed_identity_resource_id": "",
            "description": "",
            "id": "/subscriptions/2e0449b1-e93f-40c6-8af2-f1bd7a7e9e07/resourceGroups/rg-cloudnative-dev/providers/Microsoft.ContainerRegistry/registries/acrcloudnativedev/providers/Microsoft.Authorization/roleAssignments/611502a7-add7-282d-b6e2-143a666159f9",
            "name": "611502a7-add7-282d-b6e2-143a666159f9",
            "principal_id": "0016f8de-b0a7-4342-ae3d-0b80a7d4288a",
            "principal_type": "ServicePrincipal",
            "role_definition_id": "/subscriptions/2e0449b1-e93f-40c6-8af2-f1bd7a7e9e07/providers/Microsoft.Authorization/roleDefinitions/7f951dda-4ed3-4680-a7ca-43fe172d538d",
            "role_definition_name": "AcrPull",
            "scope": "/subscriptions/2e0449b1-e93f-40c6-8af2-f1bd7a7e9e07/resourceGroups/rg-cloudnative-dev/providers/Microsoft.ContainerRegistry/registries/acrcloudnativedev",
            "skip_service_principal_aad_check": true,
            "timeouts": null
          },
          "sensitive_attributes": [],
          "identity_schema_version": 0,
          "private": "eyJlMmJmYjczMC1lY2FhLTExZTYtOGY4OC0zNDM2M2JjN2M0YzAiOnsiY3JlYXRlIjoxODAwMDAwMDAwMDAwLCJkZWxldGUiOjE4MDAwMDAwMDAwMDAsInJlYWQiOjMwMDAwMDAwMDAwMH19",
          "dependencies": [
            "azurerm_container_registry.main",
            "azurerm_kubernetes_cluster.main",
            "azurerm_resource_group.main",
            "azurerm_subnet.aks",
            "azurerm_virtual_network.main"
          ]
        }
      ]
    },
    {
      "mode": "managed",
      "type": "azurerm_subnet",
      "name": "aks",
      "provider": "provider[\"registry.terraform.io/hashicorp/azurerm\"]",
      "instances": [
        {
          "schema_version": 0,
          "attributes": {
            "address_prefixes": [
              "10.0.1.0/24"
            ],
            "default_outbound_access_enabled": true,
            "delegation": [],
            "enforce_private_link_endpoint_network_policies": false,
            "enforce_private_link_service_network_policies": false,
            "id": "/subscriptions/2e0449b1-e93f-40c6-8af2-f1bd7a7e9e07/resourceGroups/rg-cloudnative-dev/providers/Microsoft.Network/virtualNetworks/vnet-cloudnative-dev/subnets/subnet-aks",
            "name": "subnet-aks",
            "private_endpoint_network_policies": "Enabled",
            "private_endpoint_network_policies_enabled": true,
            "private_link_service_network_policies_enabled": true,
            "resource_group_name": "rg-cloudnative-dev",
            "service_endpoint_policy_ids": [],
            "service_endpoints": [],
            "timeouts": null,
            "virtual_network_name": "vnet-cloudnative-dev"
          },
          "sensitive_attributes": [],
          "identity_schema_version": 0,
          "private": "eyJlMmJmYjczMC1lY2FhLTExZTYtOGY4OC0zNDM2M2JjN2M0YzAiOnsiY3JlYXRlIjoxODAwMDAwMDAwMDAwLCJkZWxldGUiOjE4MDAwMDAwMDAwMDAsInJlYWQiOjMwMDAwMDAwMDAwMCwidXBkYXRlIjoxODAwMDAwMDAwMDAwfX0=",
          "dependencies": [
            "azurerm_resource_group.main",
            "azurerm_virtual_network.main"
          ]
        }
      ]
    },
    {
      "mode": "managed",
      "type": "azurerm_subnet",
      "name": "appgw",
      "provider": "provider[\"registry.terraform.io/hashicorp/azurerm\"]",
      "instances": [
        {
          "schema_version": 0,
          "attributes": {
            "address_prefixes": [
              "10.0.2.0/24"
            ],
            "default_outbound_access_enabled": true,
            "delegation": [],
            "enforce_private_link_endpoint_network_policies": false,
            "enforce_private_link_service_network_policies": false,
            "id": "/subscriptions/2e0449b1-e93f-40c6-8af2-f1bd7a7e9e07/resourceGroups/rg-cloudnative-dev/providers/Microsoft.Network/virtualNetworks/vnet-cloudnative-dev/subnets/subnet-appgw",
            "name": "subnet-appgw",
            "private_endpoint_network_policies": "Enabled",
            "private_endpoint_network_policies_enabled": true,
            "private_link_service_network_policies_enabled": true,
            "resource_group_name": "rg-cloudnative-dev",
            "service_endpoint_policy_ids": [],
            "service_endpoints": [],
            "timeouts": null,
            "virtual_network_name": "vnet-cloudnative-dev"
          },
          "sensitive_attributes": [],
          "identity_schema_version": 0,
          "private": "eyJlMmJmYjczMC1lY2FhLTExZTYtOGY4OC0zNDM2M2JjN2M0YzAiOnsiY3JlYXRlIjoxODAwMDAwMDAwMDAwLCJkZWxldGUiOjE4MDAwMDAwMDAwMDAsInJlYWQiOjMwMDAwMDAwMDAwMCwidXBkYXRlIjoxODAwMDAwMDAwMDAwfX0=",
          "dependencies": [
            "azurerm_resource_group.main",
            "azurerm_virtual_network.main"
          ]
        }
      ]
    },
    {
      "mode": "managed",
      "type": "azurerm_subnet_network_security_group_association",
      "name": "aks",
      "provider": "provider[\"registry.terraform.io/hashicorp/azurerm\"]",
      "instances": [
        {
          "schema_version": 0,
          "attributes": {
            "id": "/subscriptions/2e0449b1-e93f-40c6-8af2-f1bd7a7e9e07/resourceGroups/rg-cloudnative-dev/providers/Microsoft.Network/virtualNetworks/vnet-cloudnative-dev/subnets/subnet-aks",
            "network_security_group_id": "/subscriptions/2e0449b1-e93f-40c6-8af2-f1bd7a7e9e07/resourceGroups/rg-cloudnative-dev/providers/Microsoft.Network/networkSecurityGroups/nsg-aks-dev",
            "subnet_id": "/subscriptions/2e0449b1-e93f-40c6-8af2-f1bd7a7e9e07/resourceGroups/rg-cloudnative-dev/providers/Microsoft.Network/virtualNetworks/vnet-cloudnative-dev/subnets/subnet-aks",
            "timeouts": null
          },
          "sensitive_attributes": [],
          "identity_schema_version": 0,
          "private": "eyJlMmJmYjczMC1lY2FhLTExZTYtOGY4OC0zNDM2M2JjN2M0YzAiOnsiY3JlYXRlIjoxODAwMDAwMDAwMDAwLCJkZWxldGUiOjE4MDAwMDAwMDAwMDAsInJlYWQiOjMwMDAwMDAwMDAwMH19",
          "dependencies": [
            "azurerm_network_security_group.aks",
            "azurerm_resource_group.main",
            "azurerm_subnet.aks",
            "azurerm_virtual_network.main"
          ]
        }
      ]
    },
    {
      "mode": "managed",
      "type": "azurerm_virtual_network",
      "name": "main",
      "provider": "provider[\"registry.terraform.io/hashicorp/azurerm\"]",
      "instances": [
        {
          "schema_version": 0,
          "attributes": {
            "address_space": [
              "10.0.0.0/16"
            ],
            "bgp_community": "",
            "ddos_protection_plan": [],
            "dns_servers": [],
            "edge_zone": "",
            "encryption": [],
            "flow_timeout_in_minutes": 0,
            "guid": "7a4f903e-b1c5-44e0-bed1-2a519df4228d",
            "id": "/subscriptions/2e0449b1-e93f-40c6-8af2-f1bd7a7e9e07/resourceGroups/rg-cloudnative-dev/providers/Microsoft.Network/virtualNetworks/vnet-cloudnative-dev",
            "location": "eastus",
            "name": "vnet-cloudnative-dev",
            "resource_group_name": "rg-cloudnative-dev",
            "subnet": [
              {
                "address_prefix": "10.0.1.0/24",
                "id": "/subscriptions/2e0449b1-e93f-40c6-8af2-f1bd7a7e9e07/resourceGroups/rg-cloudnative-dev/providers/Microsoft.Network/virtualNetworks/vnet-cloudnative-dev/subnets/subnet-aks",
                "name": "subnet-aks",
                "security_group": "/subscriptions/2e0449b1-e93f-40c6-8af2-f1bd7a7e9e07/resourceGroups/rg-cloudnative-dev/providers/Microsoft.Network/networkSecurityGroups/nsg-aks-dev"
              },
              {
                "address_prefix": "10.0.2.0/24",
                "id": "/subscriptions/2e0449b1-e93f-40c6-8af2-f1bd7a7e9e07/resourceGroups/rg-cloudnative-dev/providers/Microsoft.Network/virtualNetworks/vnet-cloudnative-dev/subnets/subnet-appgw",
                "name": "subnet-appgw",
                "security_group": ""
              }
            ],
            "tags": {
              "environment": "dev",
              "project": "cloudnative"
            },
            "timeouts": null
          },
          "sensitive_attributes": [],
          "identity_schema_version": 0,
          "private": "eyJlMmJmYjczMC1lY2FhLTExZTYtOGY4OC0zNDM2M2JjN2M0YzAiOnsiY3JlYXRlIjoxODAwMDAwMDAwMDAwLCJkZWxldGUiOjE4MDAwMDAwMDAwMDAsInJlYWQiOjMwMDAwMDAwMDAwMCwidXBkYXRlIjoxODAwMDAwMDAwMDAwfX0=",
          "dependencies": [
            "azurerm_resource_group.main"
          ]
        }
      ]
    }
  ],
  "check_results": null
}
