{
  "version": 4,
  "terraform_version": "1.14.7",
  "serial": 17,
  "lineage": "827cc698-ec25-1f4c-914d-f9a1ca11fee0",
  "outputs": {
    "acr_login_server": {
      "value": "acrcloudnativedev.azurecr.io",
      "type": "string"
    },
    "aks_cluster_name": {
      "value": "aks-cloudnative-dev",
      "type": "string"
    },
    "aks_resource_group": {
      "value": "rg-cloudnative-dev",
      "type": "string"
    }
  },
  "resources": [
    {
      "mode": "data",
      "type": "azurerm_client_config",
      "name": "current",
      "provider": "provider[\"registry.terraform.io/hashicorp/azurerm\"]",
      "instances": [
        {
          "schema_version": 0,
          "attributes": {
            "client_id": "04b07795-8ddb-461a-bbee-02f9e1bf7b46",
            "id": "Y2xpZW50Q29uZmlncy9jbGllbnRJZD0wNGIwNzc5NS04ZGRiLTQ2MWEtYmJlZS0wMmY5ZTFiZjdiNDY7b2JqZWN0SWQ9NGNkYjQ4MjQtOTVlZC00MzExLWJjYjAtMThiZGE2ODNiZWFmO3N1YnNjcmlwdGlvbklkPTJlMDQ0OWIxLWU5M2YtNDBjNi04YWYyLWYxYmQ3YTdlOWUwNzt0ZW5hbnRJZD01M2JiYTg4ZS01YjM0LTQ2NWItODdkYS03ZTRkNDA4NDQxNzg=",
            "object_id": "4cdb4824-95ed-4311-bcb0-18bda683beaf",
            "subscription_id": "2e0449b1-e93f-40c6-8af2-f1bd7a7e9e07",
            "tenant_id": "53bba88e-5b34-465b-87da-7e4d40844178",
            "timeouts": null
          },
          "sensitive_attributes": [],
          "identity_schema_version": 0
        }
      ]
    },
    {
      "mode": "managed",
      "type": "azurerm_container_registry",
      "name": "main",
      "provider": "provider[\"registry.terraform.io/hashicorp/azurerm\"]",
      "instances": [
        {
          "schema_version": 2,
          "attributes": {
            "admin_enabled": true,
            "admin_password": "3cyE0nQnQ3efBL2n62KvNThkd4VVnAOgHvmJtmQI8ZwPwk0bNnKDJQQJ99CCACYeBjFEqg7NAAACAZCRx8ah",
            "admin_username": "acrcloudnativedev",
            "anonymous_pull_enabled": false,
            "data_endpoint_enabled": false,
            "encryption": [
              {
                "enabled": false,
                "identity_client_id": "",
                "key_vault_key_id": ""
              }
            ],
            "export_policy_enabled": true,
            "georeplications": [],
            "id": "/subscriptions/2e0449b1-e93f-40c6-8af2-f1bd7a7e9e07/resourceGroups/rg-cloudnative-dev/providers/Microsoft.ContainerRegistry/registries/acrcloudnativedev",
            "identity": [],
            "location": "eastus",
            "login_server": "acrcloudnativedev.azurecr.io",
            "name": "acrcloudnativedev",
            "network_rule_bypass_option": "AzureServices",
            "network_rule_set": [],
            "public_network_access_enabled": true,
            "quarantine_policy_enabled": false,
            "resource_group_name": "rg-cloudnative-dev",
            "retention_policy": [
              {
                "days": 7,
                "enabled": false
              }
            ],
            "sku": "Basic",
            "tags": {
              "environment": "dev",
              "project": "cloudnative"
            },
            "timeouts": null,
            "trust_policy": [
              {
                "enabled": false
              }
            ],
            "zone_redundancy_enabled": false
          },
          "sensitive_attributes": [
            [
              {
                "type": "get_attr",
                "value": "admin_password"
              }
            ]
          ],
          "identity_schema_version": 0,
          "private": "eyJlMmJmYjczMC1lY2FhLTExZTYtOGY4OC0zNDM2M2JjN2M0YzAiOnsiY3JlYXRlIjoxODAwMDAwMDAwMDAwLCJkZWxldGUiOjE4MDAwMDAwMDAwMDAsInJlYWQiOjMwMDAwMDAwMDAwMCwidXBkYXRlIjoxODAwMDAwMDAwMDAwfSwic2NoZW1hX3ZlcnNpb24iOiIyIn0=",
          "dependencies": [
            "azurerm_resource_group.main"
          ]
        }
      ]
    },
    {
      "mode": "managed",
      "type": "azurerm_key_vault",
      "name": "main",
      "provider": "provider[\"registry.terraform.io/hashicorp/azurerm\"]",
      "instances": [
        {
          "schema_version": 2,
          "attributes": {
            "access_policy": [
              {
                "application_id": "",
                "certificate_permissions": [],
                "key_permissions": [],
                "object_id": "4cdb4824-95ed-4311-bcb0-18bda683beaf",
                "secret_permissions": [
                  "Get",
                  "List",
                  "Set",
                  "Delete",
                  "Purge"
                ],
                "storage_permissions": [],
                "tenant_id": "53bba88e-5b34-465b-87da-7e4d40844178"
              }
            ],
            "contact": [],
            "enable_rbac_authorization": false,
            "enabled_for_deployment": false,
            "enabled_for_disk_encryption": false,
            "enabled_for_template_deployment": false,
            "id": "/subscriptions/2e0449b1-e93f-40c6-8af2-f1bd7a7e9e07/resourceGroups/rg-cloudnative-dev/providers/Microsoft.KeyVault/vaults/kv-cloudnative-dev",
            "location": "eastus",
            "name": "kv-cloudnative-dev",
            "network_acls": [
              {
                "bypass": "AzureServices",
                "default_action": "Allow",
                "ip_rules": [],
                "virtual_network_subnet_ids": []
              }
            ],
            "public_network_access_enabled": true,
            "purge_protection_enabled": false,
            "resource_group_name": "rg-cloudnative-dev",
            "sku_name": "standard",
            "soft_delete_retention_days": 90,
            "tags": {
              "environment": "dev",
              "project": "cloudnative"
            },
            "tenant_id": "53bba88e-5b34-465b-87da-7e4d40844178",
            "timeouts": null,
            "vault_uri": "https://kv-cloudnative-dev.vault.azure.net/"
          },
          "sensitive_attributes": [],
          "identity_schema_version": 0,
          "private": "eyJlMmJmYjczMC1lY2FhLTExZTYtOGY4OC0zNDM2M2JjN2M0YzAiOnsiY3JlYXRlIjoxODAwMDAwMDAwMDAwLCJkZWxldGUiOjE4MDAwMDAwMDAwMDAsInJlYWQiOjMwMDAwMDAwMDAwMCwidXBkYXRlIjoxODAwMDAwMDAwMDAwfSwic2NoZW1hX3ZlcnNpb24iOiIyIn0=",
          "dependencies": [
            "azurerm_resource_group.main",
            "data.azurerm_client_config.current"
          ]
        }
      ]
    },
    {
      "mode": "managed",
      "type": "azurerm_kubernetes_cluster",
      "name": "main",
      "provider": "provider[\"registry.terraform.io/hashicorp/azurerm\"]",
      "instances": [
        {
          "schema_version": 2,
          "attributes": {
            "aci_connector_linux": [],
            "api_server_access_profile": [],
            "api_server_authorized_ip_ranges": [],
            "auto_scaler_profile": [],
            "automatic_channel_upgrade": "",
            "azure_active_directory_role_based_access_control": [],
            "azure_policy_enabled": null,
            "confidential_computing": [],
            "cost_analysis_enabled": false,
            "current_kubernetes_version": "1.33.7",
            "custom_ca_trust_certificates_base64": [],
            "default_node_pool": [
              {
                "capacity_reservation_group_id": "",
                "custom_ca_trust_enabled": false,
                "enable_auto_scaling": false,
                "enable_host_encryption": false,
                "enable_node_public_ip": false,
                "fips_enabled": false,
                "gpu_instance": "",
                "host_group_id": "",
                "kubelet_config": [],
                "kubelet_disk_type": "OS",
                "linux_os_config": [],
                "max_count": 0,
                "max_pods": 30,
                "message_of_the_day": "",
                "min_count": 0,
                "name": "default",
                "node_count": 1,
                "node_labels": {},
                "node_network_profile": [],
                "node_public_ip_prefix_id": "",
                "node_taints": [],
                "only_critical_addons_enabled": false,
                "orchestrator_version": "1.33",
                "os_disk_size_gb": 128,
                "os_disk_type": "Managed",
                "os_sku": "Ubuntu",
                "pod_subnet_id": "",
                "proximity_placement_group_id": "",
                "scale_down_mode": "Delete",
                "snapshot_id": "",
                "tags": {},
                "temporary_name_for_rotation": "",
                "type": "VirtualMachineScaleSets",
                "ultra_ssd_enabled": false,
                "upgrade_settings": [
                  {
                    "drain_timeout_in_minutes": 0,
                    "max_surge": "10%",
                    "node_soak_duration_in_minutes": 0
                  }
                ],
                "vm_size": "Standard_D2s_v3",
                "vnet_subnet_id": "/subscriptions/2e0449b1-e93f-40c6-8af2-f1bd7a7e9e07/resourceGroups/rg-cloudnative-dev/providers/Microsoft.Network/virtualNetworks/vnet-cloudnative-dev/subnets/subnet-aks",
                "workload_runtime": "",
                "zones": []
              }
            ],
            "disk_encryption_set_id": "",
            "dns_prefix": "cloudnative-dev",
            "dns_prefix_private_cluster": "",
            "edge_zone": "",
            "enable_pod_security_policy": false,
            "fqdn": "cloudnative-dev-xzhoepj0.hcp.eastus.azmk8s.io",
            "http_application_routing_enabled": null,
            "http_application_routing_zone_name": null,
            "http_proxy_config": [],
            "id": "/subscriptions/2e0449b1-e93f-40c6-8af2-f1bd7a7e9e07/resourceGroups/rg-cloudnative-dev/providers/Microsoft.ContainerService/managedClusters/aks-cloudnative-dev",
            "identity": [
              {
                "identity_ids": [],
                "principal_id": "654e6619-4e3d-4d3e-aac4-89e2e1df9396",
                "tenant_id": "53bba88e-5b34-465b-87da-7e4d40844178",
                "type": "SystemAssigned"
              }
            ],
            "image_cleaner_enabled": false,
            "image_cleaner_interval_hours": 48,
            "ingress_application_gateway": [],
            "key_management_service": [],
            "key_vault_secrets_provider": [],
            "kube_admin_config": [],
            "kube_admin_config_raw": "",
            "kube_config": [
              {
                "client_certificate": "LS0tLS1CRUdJTiBDRVJUSUZJQ0FURS0tLS0tCk1JSUZIVENDQXdXZ0F3SUJBZ0lRTjZVR0ZWbjVxS3NmSVhRZUs5VjlmakFOQmdrcWhraUc5dzBCQVFzRkFEQU4KTVFzd0NRWURWUVFERXdKallUQWVGdzB5TmpBek1qRXhOakl4TXpSYUZ3MHlPREF6TWpFeE5qTXhNelJhTURBeApGekFWQmdOVkJBb1REbk41YzNSbGJUcHRZWE4wWlhKek1SVXdFd1lEVlFRREV3eHRZWE4wWlhKamJHbGxiblF3CmdnSWlNQTBHQ1NxR1NJYjNEUUVCQVFVQUE0SUNEd0F3Z2dJS0FvSUNBUURsdThERWdYV0Z5clNNanJ3NnNXbkMKYUJQN2dkUXA4RzRmS3BhKzlGZFRXd0JudHRyNHZZalh5dlkrSDBBREZoNlQveVpsYzZxMWowS1U0dnc0OHdIbwpMRUYxSkFZNmhad3kzcUc2TXBMQlVlZUt2MGduZFNhUXFwVmtkNEkwTEtFVFNFL016VVpHOWxPRmhLMXkrN1IrCks1anJDYXhBSjI3MUljY0g3R3JqZFoyOEZJTDk5VDVDRUFtVCt1YmhxdGllT3pjMjNlbXdmdlpnOHd0SHc3R0MKbUFCRE5SbmowdkpNZE9wSkd2SHUxRlZRcDNxMStqaG5DZ3c3YnpRTjlBZzM0bFhwVkVKSnlxREhtVks1V2xwUApoZFZFQUFpNEk5QVl5WW9hV3ZKbENxT1haek1leFJmcnVLeUxBOSs4UmgydlBqRkljRDQ0ZnFCTVIzS21DSmNpCnBvMGdBY0ZVdE5xQmY3Ky9KU2p2c29GRGNLWjN5THlYK3EvYW0xWDNRSjRzS1k2SEhaMkJ2SmF3QjMwYXpyaDkKNXRybzlRRmVSS0dQMEI3Q2VKREFQdmFtUGJIM2QybC9rOVdjcW1UcHRVOFhOWkRjM2Y3VTB4Uk9vUGVCckNjWgpFWFdKZEt6MVNER1p3QjFLeUUzS1JhSGRUOVJjL21oemlqd2Jja1VkazV6Q080dUZyd2NqR1NNZWd0dVgxd2l2CnNIVk9KWm9Zc2M2SmlWb1F3RTg4WnNFYWJhWlFSRVEwenFicWw5d3N3aElFYzhzU1MvSWozcHc2bWpHbHJHa3cKRlVGM0ZUTU5yN0lCQXJFNWFaNk9XZ3BwMWFhV2k0NEtXRTVibDJYZ2lzbno0enhZd21PYmZjV1dFdU9SMFNMOQpFVGhaUHRGZHFyVVNUZEtkZWhBRHp3SURBUUFCbzFZd1ZEQU9CZ05WSFE4QkFmOEVCQU1DQmFBd0V3WURWUjBsCkJBd3dDZ1lJS3dZQkJRVUhBd0l3REFZRFZSMFRBUUgvQkFJd0FEQWZCZ05WSFNNRUdEQVdnQlJocUZLTXErU2MKcTdjVlNHRXArUTBpNXF4SUdEQU5CZ2txaGtpRzl3MEJBUXNGQUFPQ0FnRUFSay9LYmh5QTIyNWYwTEI5RVB5MAoyN2Jyc0lxbzVMOHplL1p3N0xPbWIydmoyNmhGVVFQS2w2UTd5MEQ5Z2hDSWZZdTEvTjRSTUxoakQ5MFhmKzRVCjg2ZTVJbWZqYlcxMmtGN2k1elozbi9nK3ljWFhZaElxbDFvK1ZoMnY5K1NmTk80VEtncDNwSnBXS3JtSzg3YU4KanVzY2pEWVJTb1VwZXczR0R5N2N6Wk84N1dPSkxmYXBjYXBya2RJZkNQd0FpM3lTcEYxUzVGNWI0UlZUS1c2Mwo3dWFTOVJvdElZMlJReWhsR0V6eGM0MExGb1ZobkhoZlpScTdwRjd6WUpnMW1nRWdJY1grVlRwdkV1bUhEdjR2Cm5CUUdyN2pjNUprczh2LzhCWFh6M21PY2FYR2NnQW5NYlFUTW9VOGJOUjlmaWFhR0JIT0xOZWEyMnVodHBVT2UKYjUzTlNyczNhczBSd3B2b3hPUEVlOGZXZzBzY0RtWnJ4K3J6QVVPQ2VkOVNsR0dNM1hvcVFudDFKT1hQZDdUaAozTW83V2JFbGZBQWtLYWtqdDJ5azRFZXAvYzdaa1hYVTNzQmZpdGg3NUJTaUI1VUh0azlvZlgxdGRKbWNFV1huCkVxZkxYRDVobTVsUjNWTThCVU5MYnJjNjhxaUNnVlR3RFJFS2VsTkJhN0dPRTY5THRiZ2poOVdCZHpOUjAyMHkKZm5rQXVLaE45WnpleHJobEtlSVA3MnYrYVhocHBDbFBQakw4ZkNsNzAxdlhDd28wazFsbkoramxCNkpGMW4wVwpJRTkvdlRiVXBGeUErR2VRTnNXWkNRbE5aMXRCb3JQVVV5N2JrVzJCQ3prcTVGL2tKRzVsMDRnY2puZmhBTFJaCmlJZEpnZ2d0ZFlMUWhFbXdxL3BKVjdzPQotLS0tLUVORCBDRVJUSUZJQ0FURS0tLS0tCg==",
                "client_key": "LS0tLS1CRUdJTiBSU0EgUFJJVkFURSBLRVktLS0tLQpNSUlKS1FJQkFBS0NBZ0VBNWJ2QXhJRjFoY3Ewakk2OE9yRnB3bWdUKzRIVUtmQnVIeXFXdnZSWFUxc0FaN2JhCitMMkkxOHIyUGg5QUF4WWVrLzhtWlhPcXRZOUNsT0w4T1BNQjZDeEJkU1FHT29XY010Nmh1aktTd1ZIbmlyOUkKSjNVbWtLcVZaSGVDTkN5aEUwaFB6TTFHUnZaVGhZU3RjdnUwZml1WTZ3bXNRQ2R1OVNISEIreHE0M1dkdkJTQwovZlUrUWhBSmsvcm00YXJZbmpzM050M3BzSDcyWVBNTFI4T3hncGdBUXpVWjQ5THlUSFRxU1JyeDd0UlZVS2Q2CnRmbzRad29NTzI4MERmUUlOK0pWNlZSQ1NjcWd4NWxTdVZwYVQ0WFZSQUFJdUNQUUdNbUtHbHJ5WlFxamwyY3oKSHNVWDY3aXNpd1BmdkVZZHJ6NHhTSEErT0g2Z1RFZHlwZ2lYSXFhTklBSEJWTFRhZ1grL3Z5VW83N0tCUTNDbQpkOGk4bC9xdjJwdFY5MENlTENtT2h4MmRnYnlXc0FkOUdzNjRmZWJhNlBVQlhrU2hqOUFld25pUXdENzJwajJ4CjkzZHBmNVBWbktwazZiVlBGeldRM04zKzFOTVVUcUQzZ2F3bkdSRjFpWFNzOVVneG1jQWRTc2hOeWtXaDNVL1UKWFA1b2M0bzhHM0pGSFpPY3dqdUxoYThISXhrakhvTGJsOWNJcjdCMVRpV2FHTEhPaVlsYUVNQlBQR2JCR20ybQpVRVJFTk02bTZwZmNMTUlTQkhQTEVrdnlJOTZjT3BveHBheHBNQlZCZHhVekRhK3lBUUt4T1dtZWpsb0thZFdtCmxvdU9DbGhPVzVkbDRJcko4K004V01Kam0zM0ZsaExqa2RFaS9SRTRXVDdSWGFxMUVrM1NuWG9RQTg4Q0F3RUEKQVFLQ0FnQUxmU3ZEU0F3bUVFQ2VST2NoOGt4dE5nSkYwalRYa2hnWHcrdjlDY0F5UVh0UU5JTlg3RGFqUUJtMwplcDJiYWVoR2szeUtsMUhDdWJMbE9rTE40RTFJbktuN1h6MVdnT2NTWGpMdFdta2ZkT2FrK0RMMkVqUkhDTmptCnlObEFuYmpDZTV2T0RMZ0doWHdnMGNWUTJraXBCS29sbXZxN3pKME9jazEvVm5IMEJTWkp5U2JSNTRsaENXZEoKT01PQ0pxYWxweVY0UDNuWDQwbVVDS09ZUjYraGJkT1ppTmJPSDNjUm5zazJ0YnZDcTJqRzIxRldOM2pKb21XQgpOV3IvaGFSQmt6YWpzQnlPankwaVBrYzJVTS95YVNtRXVKRzNEOGR3N2VkVHNSZXRPTzU4ZkdOQWx5KytrS0pFClk0RzFhelpCMU5UbklBSGtsbVNTM0FIZVR0Q3NDVEdpL1dydmZDcXI3dHMyL08xTVVzYkRTU0pyL2oramJkTWIKZUNqenpSTTZPMkY5dUF4b0oveHExVGkvelB0RFoxdUNCcUlYQk0rSERWNUxUb0k4aExoVUIzYitkejZoL0tuVQpWZmFpNWhITXhPSGNxZ2Z4aDV1Rjc1SjVCcWlVUE1salk0eCtsbXdDNElCTE1uMEREbDNXeGxMdkkxczU1SW9uCm9HbUl2anBaTDl2WUNlZXNFL1hUTStzblBwSW01akpIRDhVUHdrdkFyaWxHQmRrNzZFNUpNdWRjWnJnMzFnRTEKR3pvdExPdGpTUVh5TDZja2VwZGpsZVg5M0xvVTMvU3pFMDFERTZaNTlGSkdpNmloN3FQM0did2sxTE1heXVNZQpyT2x3V0pjSjd3UmRXeGVrMnZQNW1TcU0zYUJxK0JPblZhNTBpbzQwT2tqcjF0NVV3UUtDQVFFQThkeDFNY3Z1CmRWcFhpejJRNUsvNlgvV3AzeGxHYjcydHVucHZKMXVjcmFiVng4bTd6L0tuV2dnTHEycmlqM2RYVzRnTy81L0gKZFByWDV0cTdOTGpYOElDeXNXTnhWQjBYdmJ1SEtQUXAxb3ZMZWJIUnhlV1laVno3d0xmOU5jRFZZWWI0am5FZQpKNHpWMGc3akQ0bUhTRzUrWW1OSXMvbkVDV3VZTWgzOGtIQ0RlTDhMN2ZGR1pzYS9UV1VYNGVmQzNmeXp4TU1LCkhma21Sc3UyU3hZVFFCeG1CZ0ZxRXJjU0NOR0V1ckdwZFBvWXdTZzZWblJyYWFyckhoTzlqZ2tld25XM2RpTFAKRm1uWmhRTWlFTHE2dnRHYmgrckZEUHBTdHRJUW5DdXVuWStpNm5JTlJlZG1xMS8xaU53STdwZUhKSUdRL1I0WApIM2crb25IQW9TRUR3UUtDQVFFQTh5bk1nd2NaT2F0Wm1WZzFxVHVCcldEb3FVZStsOXpZaitwVnJkTEJoTW1LCnZyMC91SUorZjdtVG9qUzk2VlNSeHd0YU00dmZkYXEyYjIzRGUzNEFyZi9MQnFsZWpyQ1B1ZjlLL0tpUmt5MTEKSi9hQzRiQU85eTYvZW1icVdEUFFodXBMbjBnTnUxUlVXZWtYeTM4TjRvanRiR1AxeEVxOGZNbklTd2xSaVVjVQovdkNSMU1xUko5ZmpNVitaOHprYUdRYzFhMm9EOTBPM3M2a1hVSFFJejUyWXMxMlAvcWVJTjlSTHMrY2M3c1hRCkYreXR1OUpOTWlHYlRqamZibnJQMDZFM1VuMnZDdUxnNzVWRFhjdi9GMklST2hJQmR4VnFzZHNtaXBZUnZta3QKNzViVTE5VTNBRmFDVnR0Y3FXenBybjI3SmJjQjRzY2ljVXNQamwycmp3S0NBUUVBMW0vNlVHNVpQQjhmWTBydwp2bkh3Y1Vna2xyT1lLZFpvdzk5dDBkMTk2dER5MWpKY25LQ3VGRHJ4N2NmVW5CTFpsMFBvMkdmWHRqWDVXcXN3Ck5DeDIrTHVDczVoUmtKeEN3bXdVQ0JHRFRyK2Zab1JzVXlPZm5LOTJYb1pDc0hnS09IQXN6RTRxeURJc0doUXMKNlVlc2RHSFRHSFNpcnorUnVqQjFQbW9yMWZ5TDlIQ2VxUmEwcnNja01nQ2h6aDlvUE4yaW5aKzN4cDl5ZW01LwpiODlndmdUdngvOVZCc2JkN0llblFNZm9VTmkxUGZ6bXpHUm9IOFgwdERRWWFtaFhwMTRyalVpTGgzbk43QXE5CkYwd1g2cnQ1UkdhNDB5cldUMVdzZUdxYVpRUkhFOHFQVGgwK2dFK1NLUWU5dTUwSnF5cGRYSzVqSGZuRXZzNVEKVmd3cGdRS0NBUUVBc0tmaFNCL1VGNjJBdm9MekdTdCtIbk9WRThabmxQU0E4SzBSNmVKL2JQVHVzM3ZSMno0UwpvTUExblZZcjBtUDZORnp1L3h2VEVDMGh0UHBOVmw1SUtDRDVZckdSWEtDeENqT0tTdHc4Um14ei9NQitmVy9tCnIzVnE3b1h1SW40aU5LSHFwcUUyT0s0ZlNlS3B3dEZmU1FDcFhHR1NuelNja3h3VlEwNVZ5aUcyQXpETEFZalkKdzlWMzNOclRnWHd1bFpoREd2SStSMWtQRUpyN3NSdGJlMW5ISWlnTEFMcTluN0cvL2NjZG9lcGNMOFZtd2xrYQpkQjB1TXpubU9PRklNenVnY1hHVnhaYm1TNmhvOUsvTGR6VnJ4b0JtU0JsckZpTmNjTHB0MGFPZ0Y3dkFqYno4CjVHWDA4eDBTeUpPemdXMGVsVnZMSnZIODk4bk1WMlY5eVFLQ0FRQitESmFpdmliLzRSL0Q1dERXN2pOc0JjQ0kKUEo4QzIwNitvWktpS3crRkpIc1ZKRFBzQTY5bGtnNHBBampZTmxWd2RaRnFTaUhEQTFIbHQ5QWV1RkRhTUh5Kwo3ZTZrVDBnYnQrVkNuajVUTjZ0Zk1yMVFGTVJYcytha1FTOXJNVlcycHZ3cEpRTUtiMzkwRVova0pudGl1UEhBCkVrWUt3QmdZckZFdkVKdUQ0bEIyMlU4bjFNTDk4eXJuMXh5UDY4UlplMGpsUXlEWDdmVktaTmFhQ0tWNGtIN2UKTFdueXl3TC9CS21KWHBJL1VVbndIZm1QdWhuQVV5eEdCWDQ4NzN4elV1QVV6YmNkQ1JhVHFMaVEvVEpkaElwMwp5VTBnNmthMERycytxVVFXS3djQnVydlZ6VkN3TGhValplZjZSMGdCTUkzVDF5aDFRQ1M3SFJoNElEMGEKLS0tLS1FTkQgUlNBIFBSSVZBVEUgS0VZLS0tLS0K",
                "cluster_ca_certificate": "LS0tLS1CRUdJTiBDRVJUSUZJQ0FURS0tLS0tCk1JSUU2VENDQXRHZ0F3SUJBZ0lSQU5SeksvMTNHUGM4WkN4aktEdzk3b2N3RFFZSktvWklodmNOQVFFTEJRQXcKRFRFTE1Ba0dBMVVFQXhNQ1kyRXdJQmNOTWpZd016SXhNVFl5TVRNMFdoZ1BNakExTmpBek1qRXhOak14TXpSYQpNQTB4Q3pBSkJnTlZCQU1UQW1OaE1JSUNJakFOQmdrcWhraUc5dzBCQVFFRkFBT0NBZzhBTUlJQ0NnS0NBZ0VBCm50WjN4MzNOdXorUTFKcXFacURYaUd4RE1RUVJFN1Nra3l4WThRMVAvV1RxVkp6bCthR2tRMTR1Qy9YbjgyTVMKa0twTUQrdkNtenJhL0liSlY4bjl4Sno3TzFndVptT1l0QWJZQzJuSFhEckUxU3FQMXNOR2Nqa1EycDhZejI3dAp5Z2hieTMwcE1lUk5HMkNoV1diYzJRZ3lYd2Ftc3Q5ckZMakhYQythVlE0VHc2U0lCQlloTmk3eEJOUk8vYXdyCjIrcUtXWFB0dm44SFpwY2VhV1BYMjJnbE8vLzJWb3kwTUJ3Sk1tWlg0WXEwUDhkR2F3NVZvTkJjSU5mZ0p3WG0KSWhLTnl0VkJva21PNlk0Y2x6Z0NDSzBnQXEvbTZtVE9wYm1RMWppNnV1Y2dKNTN0U1pVMWR3SGVSVEJYQzZMdQpUUFRXS1lSS1FPU1dmRWdDVlNPYVdmdXhocTkvdUhGQUF3MWkzSzBHQTZHYVpmK2JybWlKZDRmTkplclp1ZDQ5Clo2ZTFwVzB1ZlNqc053dGNRN2xYemdpakp3cVB6WTF1UU0wWjRKVDcvSUd4WFJsaGJzT3IrQ1k3dGd1VFd1YmQKU2tMc0djK2tqbzZ2MmNWcVIzTndkMEhHTEVKUDRWMXdNdGpuVUFlUkhSZno0Ujk0bmhndGNJSE51MkdLLzI2MQp0aWlVMU5aN0xheTQxV2FBbFIzU2YvOGVTblJOOHh4TnFlQkQxV05mYUdhLzVoT2F5VlREYWtkeVo4N3YvTkVwCklCM3JnV3ZiTTd2TWhGUUxnN21nY1FhMERtTFpyNDVJUU9lUzRkbm5wVk5aRVhxb1E4NERxUzcrYVl1Y3hqNS8KOUxNaGhHN0lzaHk3RmIvT29QbVVmVHlWb3hYc1NoM1dEbm96MlBjUC9Oc0NBd0VBQWFOQ01FQXdEZ1lEVlIwUApBUUgvQkFRREFnS2tNQThHQTFVZEV3RUIvd1FGTUFNQkFmOHdIUVlEVlIwT0JCWUVGR0dvVW95cjVKeXJ0eFZJCllTbjVEU0xtckVnWU1BMEdDU3FHU0liM0RRRUJDd1VBQTRJQ0FRQVp3NTAydlljR2Qvb25YYStQQmxjYnNuck8KamFWYmJreWtTa2REVDlPY05MelQ5bFdDT2h1YkZJL0IvMTN5VXBFOCtZTndIeVgvNEpoTU5hSlR3bnBxbzRPQgpjNU85RGtOd3Q2OXkyN3Zsd05Welp6V1pZVk1Za0dYYytrQ3kra1I1ZmRDRitLWFlRWVhJMWxwUVZHMDExV2R5CkxMTXRxMmMybnc1NmxkNklHRGc5UGhLZFlobVZyaEtMUXhZRk9kbzZWRTJpNndyazlSNmJJQ0tDUkRUYS9MRlQKdjlmdW1EOEdrQTVQQjdSRzAvaUxRSTlXSEp1YWZ2MExjN1l0YUhqWXF5NTdJM1ZZMUJOTDFXS3FyejNja3E3SApudERtUEpZZXdKVzlOV0pjSGFqY2VocUVhaW5YSUY5aWExVU1kNyszRWxUTlBmOS9MSERwdjcranNRVy96aG51ClZoQW5uZHJCbDhjM1RCaW5tWlRLcFlaa2VaNm9XaXNSZXgzclplVHArNFhSbmlPUThOaXNoOGNjZTFtRFI0SHIKcWJqdzVoTlFqRHRMQTF2NXlJdy9jb0VCRlE5OUoydVlRa3E5czFtcmxjanFRaXlqOE85YzlQRlhyQjVRbXM5WApHQ2ZJMWhSS1lFczQyUXROODdBSHVpajFLNThpV1pJTlh2Slh1N2JoVElQWW1wVkVFMGlOYlZTSkEvRFFJUUoyCk9jeVJScjBlbWFBNDNUUlJOVXV6UFQraVlrczVwMjYyQzdaSUQ1VkJuRFVVS2g3MXVXU0lMcE5IUWVIUGxwbjEKWmgzUU82clhNb3dGWjN1V2J0SHZzZ1NrK3dlUmZxL2RhTWZKaFNJVkxhVURsWi9kcXpzODhrRkQyZ0NsbmhqMApwOENIZDRZUTk5aHFXZFZmRHc9PQotLS0tLUVORCBDRVJUSUZJQ0FURS0tLS0tCg==",
                "host": "https://cloudnative-dev-xzhoepj0.hcp.eastus.azmk8s.io:443",
                "password": "ciyx9xoe1r7eyup780p5gvplf7htfsqqjonltlz4aqhnpwy3dyu4lbvqr311c1wzbhnvhdpxsuymrezsawye1hlho12od4fgtvsisfptfi7wmx6gzaz1bvfr5nmzyxsw",
                "username": "clusterUser_rg-cloudnative-dev_aks-cloudnative-dev"
              }
            ],
            "kube_config_raw": "apiVersion: v1\nclusters:\n- cluster:\n    certificate-authority-data: LS0tLS1CRUdJTiBDRVJUSUZJQ0FURS0tLS0tCk1JSUU2VENDQXRHZ0F3SUJBZ0lSQU5SeksvMTNHUGM4WkN4aktEdzk3b2N3RFFZSktvWklodmNOQVFFTEJRQXcKRFRFTE1Ba0dBMVVFQXhNQ1kyRXdJQmNOTWpZd016SXhNVFl5TVRNMFdoZ1BNakExTmpBek1qRXhOak14TXpSYQpNQTB4Q3pBSkJnTlZCQU1UQW1OaE1JSUNJakFOQmdrcWhraUc5dzBCQVFFRkFBT0NBZzhBTUlJQ0NnS0NBZ0VBCm50WjN4MzNOdXorUTFKcXFacURYaUd4RE1RUVJFN1Nra3l4WThRMVAvV1RxVkp6bCthR2tRMTR1Qy9YbjgyTVMKa0twTUQrdkNtenJhL0liSlY4bjl4Sno3TzFndVptT1l0QWJZQzJuSFhEckUxU3FQMXNOR2Nqa1EycDhZejI3dAp5Z2hieTMwcE1lUk5HMkNoV1diYzJRZ3lYd2Ftc3Q5ckZMakhYQythVlE0VHc2U0lCQlloTmk3eEJOUk8vYXdyCjIrcUtXWFB0dm44SFpwY2VhV1BYMjJnbE8vLzJWb3kwTUJ3Sk1tWlg0WXEwUDhkR2F3NVZvTkJjSU5mZ0p3WG0KSWhLTnl0VkJva21PNlk0Y2x6Z0NDSzBnQXEvbTZtVE9wYm1RMWppNnV1Y2dKNTN0U1pVMWR3SGVSVEJYQzZMdQpUUFRXS1lSS1FPU1dmRWdDVlNPYVdmdXhocTkvdUhGQUF3MWkzSzBHQTZHYVpmK2JybWlKZDRmTkplclp1ZDQ5Clo2ZTFwVzB1ZlNqc053dGNRN2xYemdpakp3cVB6WTF1UU0wWjRKVDcvSUd4WFJsaGJzT3IrQ1k3dGd1VFd1YmQKU2tMc0djK2tqbzZ2MmNWcVIzTndkMEhHTEVKUDRWMXdNdGpuVUFlUkhSZno0Ujk0bmhndGNJSE51MkdLLzI2MQp0aWlVMU5aN0xheTQxV2FBbFIzU2YvOGVTblJOOHh4TnFlQkQxV05mYUdhLzVoT2F5VlREYWtkeVo4N3YvTkVwCklCM3JnV3ZiTTd2TWhGUUxnN21nY1FhMERtTFpyNDVJUU9lUzRkbm5wVk5aRVhxb1E4NERxUzcrYVl1Y3hqNS8KOUxNaGhHN0lzaHk3RmIvT29QbVVmVHlWb3hYc1NoM1dEbm96MlBjUC9Oc0NBd0VBQWFOQ01FQXdEZ1lEVlIwUApBUUgvQkFRREFnS2tNQThHQTFVZEV3RUIvd1FGTUFNQkFmOHdIUVlEVlIwT0JCWUVGR0dvVW95cjVKeXJ0eFZJCllTbjVEU0xtckVnWU1BMEdDU3FHU0liM0RRRUJDd1VBQTRJQ0FRQVp3NTAydlljR2Qvb25YYStQQmxjYnNuck8KamFWYmJreWtTa2REVDlPY05MelQ5bFdDT2h1YkZJL0IvMTN5VXBFOCtZTndIeVgvNEpoTU5hSlR3bnBxbzRPQgpjNU85RGtOd3Q2OXkyN3Zsd05Welp6V1pZVk1Za0dYYytrQ3kra1I1ZmRDRitLWFlRWVhJMWxwUVZHMDExV2R5CkxMTXRxMmMybnc1NmxkNklHRGc5UGhLZFlobVZyaEtMUXhZRk9kbzZWRTJpNndyazlSNmJJQ0tDUkRUYS9MRlQKdjlmdW1EOEdrQTVQQjdSRzAvaUxRSTlXSEp1YWZ2MExjN1l0YUhqWXF5NTdJM1ZZMUJOTDFXS3FyejNja3E3SApudERtUEpZZXdKVzlOV0pjSGFqY2VocUVhaW5YSUY5aWExVU1kNyszRWxUTlBmOS9MSERwdjcranNRVy96aG51ClZoQW5uZHJCbDhjM1RCaW5tWlRLcFlaa2VaNm9XaXNSZXgzclplVHArNFhSbmlPUThOaXNoOGNjZTFtRFI0SHIKcWJqdzVoTlFqRHRMQTF2NXlJdy9jb0VCRlE5OUoydVlRa3E5czFtcmxjanFRaXlqOE85YzlQRlhyQjVRbXM5WApHQ2ZJMWhSS1lFczQyUXROODdBSHVpajFLNThpV1pJTlh2Slh1N2JoVElQWW1wVkVFMGlOYlZTSkEvRFFJUUoyCk9jeVJScjBlbWFBNDNUUlJOVXV6UFQraVlrczVwMjYyQzdaSUQ1VkJuRFVVS2g3MXVXU0lMcE5IUWVIUGxwbjEKWmgzUU82clhNb3dGWjN1V2J0SHZzZ1NrK3dlUmZxL2RhTWZKaFNJVkxhVURsWi9kcXpzODhrRkQyZ0NsbmhqMApwOENIZDRZUTk5aHFXZFZmRHc9PQotLS0tLUVORCBDRVJUSUZJQ0FURS0tLS0tCg==\n    server: https://cloudnative-dev-xzhoepj0.hcp.eastus.azmk8s.io:443\n  name: aks-cloudnative-dev\ncontexts:\n- context:\n    cluster: aks-cloudnative-dev\n    user: clusterUser_rg-cloudnative-dev_aks-cloudnative-dev\n  name: aks-cloudnative-dev\ncurrent-context: aks-cloudnative-dev\nkind: Config\nusers:\n- name: clusterUser_rg-cloudnative-dev_aks-cloudnative-dev\n  user:\n    client-certificate-data: LS0tLS1CRUdJTiBDRVJUSUZJQ0FURS0tLS0tCk1JSUZIVENDQXdXZ0F3SUJBZ0lRTjZVR0ZWbjVxS3NmSVhRZUs5VjlmakFOQmdrcWhraUc5dzBCQVFzRkFEQU4KTVFzd0NRWURWUVFERXdKallUQWVGdzB5TmpBek1qRXhOakl4TXpSYUZ3MHlPREF6TWpFeE5qTXhNelJhTURBeApGekFWQmdOVkJBb1REbk41YzNSbGJUcHRZWE4wWlhKek1SVXdFd1lEVlFRREV3eHRZWE4wWlhKamJHbGxiblF3CmdnSWlNQTBHQ1NxR1NJYjNEUUVCQVFVQUE0SUNEd0F3Z2dJS0FvSUNBUURsdThERWdYV0Z5clNNanJ3NnNXbkMKYUJQN2dkUXA4RzRmS3BhKzlGZFRXd0JudHRyNHZZalh5dlkrSDBBREZoNlQveVpsYzZxMWowS1U0dnc0OHdIbwpMRUYxSkFZNmhad3kzcUc2TXBMQlVlZUt2MGduZFNhUXFwVmtkNEkwTEtFVFNFL016VVpHOWxPRmhLMXkrN1IrCks1anJDYXhBSjI3MUljY0g3R3JqZFoyOEZJTDk5VDVDRUFtVCt1YmhxdGllT3pjMjNlbXdmdlpnOHd0SHc3R0MKbUFCRE5SbmowdkpNZE9wSkd2SHUxRlZRcDNxMStqaG5DZ3c3YnpRTjlBZzM0bFhwVkVKSnlxREhtVks1V2xwUApoZFZFQUFpNEk5QVl5WW9hV3ZKbENxT1haek1leFJmcnVLeUxBOSs4UmgydlBqRkljRDQ0ZnFCTVIzS21DSmNpCnBvMGdBY0ZVdE5xQmY3Ky9KU2p2c29GRGNLWjN5THlYK3EvYW0xWDNRSjRzS1k2SEhaMkJ2SmF3QjMwYXpyaDkKNXRybzlRRmVSS0dQMEI3Q2VKREFQdmFtUGJIM2QybC9rOVdjcW1UcHRVOFhOWkRjM2Y3VTB4Uk9vUGVCckNjWgpFWFdKZEt6MVNER1p3QjFLeUUzS1JhSGRUOVJjL21oemlqd2Jja1VkazV6Q080dUZyd2NqR1NNZWd0dVgxd2l2CnNIVk9KWm9Zc2M2SmlWb1F3RTg4WnNFYWJhWlFSRVEwenFicWw5d3N3aElFYzhzU1MvSWozcHc2bWpHbHJHa3cKRlVGM0ZUTU5yN0lCQXJFNWFaNk9XZ3BwMWFhV2k0NEtXRTVibDJYZ2lzbno0enhZd21PYmZjV1dFdU9SMFNMOQpFVGhaUHRGZHFyVVNUZEtkZWhBRHp3SURBUUFCbzFZd1ZEQU9CZ05WSFE4QkFmOEVCQU1DQmFBd0V3WURWUjBsCkJBd3dDZ1lJS3dZQkJRVUhBd0l3REFZRFZSMFRBUUgvQkFJd0FEQWZCZ05WSFNNRUdEQVdnQlJocUZLTXErU2MKcTdjVlNHRXArUTBpNXF4SUdEQU5CZ2txaGtpRzl3MEJBUXNGQUFPQ0FnRUFSay9LYmh5QTIyNWYwTEI5RVB5MAoyN2Jyc0lxbzVMOHplL1p3N0xPbWIydmoyNmhGVVFQS2w2UTd5MEQ5Z2hDSWZZdTEvTjRSTUxoakQ5MFhmKzRVCjg2ZTVJbWZqYlcxMmtGN2k1elozbi9nK3ljWFhZaElxbDFvK1ZoMnY5K1NmTk80VEtncDNwSnBXS3JtSzg3YU4KanVzY2pEWVJTb1VwZXczR0R5N2N6Wk84N1dPSkxmYXBjYXBya2RJZkNQd0FpM3lTcEYxUzVGNWI0UlZUS1c2Mwo3dWFTOVJvdElZMlJReWhsR0V6eGM0MExGb1ZobkhoZlpScTdwRjd6WUpnMW1nRWdJY1grVlRwdkV1bUhEdjR2Cm5CUUdyN2pjNUprczh2LzhCWFh6M21PY2FYR2NnQW5NYlFUTW9VOGJOUjlmaWFhR0JIT0xOZWEyMnVodHBVT2UKYjUzTlNyczNhczBSd3B2b3hPUEVlOGZXZzBzY0RtWnJ4K3J6QVVPQ2VkOVNsR0dNM1hvcVFudDFKT1hQZDdUaAozTW83V2JFbGZBQWtLYWtqdDJ5azRFZXAvYzdaa1hYVTNzQmZpdGg3NUJTaUI1VUh0azlvZlgxdGRKbWNFV1huCkVxZkxYRDVobTVsUjNWTThCVU5MYnJjNjhxaUNnVlR3RFJFS2VsTkJhN0dPRTY5THRiZ2poOVdCZHpOUjAyMHkKZm5rQXVLaE45WnpleHJobEtlSVA3MnYrYVhocHBDbFBQakw4ZkNsNzAxdlhDd28wazFsbkoramxCNkpGMW4wVwpJRTkvdlRiVXBGeUErR2VRTnNXWkNRbE5aMXRCb3JQVVV5N2JrVzJCQ3prcTVGL2tKRzVsMDRnY2puZmhBTFJaCmlJZEpnZ2d0ZFlMUWhFbXdxL3BKVjdzPQotLS0tLUVORCBDRVJUSUZJQ0FURS0tLS0tCg==\n    client-key-data: LS0tLS1CRUdJTiBSU0EgUFJJVkFURSBLRVktLS0tLQpNSUlKS1FJQkFBS0NBZ0VBNWJ2QXhJRjFoY3Ewakk2OE9yRnB3bWdUKzRIVUtmQnVIeXFXdnZSWFUxc0FaN2JhCitMMkkxOHIyUGg5QUF4WWVrLzhtWlhPcXRZOUNsT0w4T1BNQjZDeEJkU1FHT29XY010Nmh1aktTd1ZIbmlyOUkKSjNVbWtLcVZaSGVDTkN5aEUwaFB6TTFHUnZaVGhZU3RjdnUwZml1WTZ3bXNRQ2R1OVNISEIreHE0M1dkdkJTQwovZlUrUWhBSmsvcm00YXJZbmpzM050M3BzSDcyWVBNTFI4T3hncGdBUXpVWjQ5THlUSFRxU1JyeDd0UlZVS2Q2CnRmbzRad29NTzI4MERmUUlOK0pWNlZSQ1NjcWd4NWxTdVZwYVQ0WFZSQUFJdUNQUUdNbUtHbHJ5WlFxamwyY3oKSHNVWDY3aXNpd1BmdkVZZHJ6NHhTSEErT0g2Z1RFZHlwZ2lYSXFhTklBSEJWTFRhZ1grL3Z5VW83N0tCUTNDbQpkOGk4bC9xdjJwdFY5MENlTENtT2h4MmRnYnlXc0FkOUdzNjRmZWJhNlBVQlhrU2hqOUFld25pUXdENzJwajJ4CjkzZHBmNVBWbktwazZiVlBGeldRM04zKzFOTVVUcUQzZ2F3bkdSRjFpWFNzOVVneG1jQWRTc2hOeWtXaDNVL1UKWFA1b2M0bzhHM0pGSFpPY3dqdUxoYThISXhrakhvTGJsOWNJcjdCMVRpV2FHTEhPaVlsYUVNQlBQR2JCR20ybQpVRVJFTk02bTZwZmNMTUlTQkhQTEVrdnlJOTZjT3BveHBheHBNQlZCZHhVekRhK3lBUUt4T1dtZWpsb0thZFdtCmxvdU9DbGhPVzVkbDRJcko4K004V01Kam0zM0ZsaExqa2RFaS9SRTRXVDdSWGFxMUVrM1NuWG9RQTg4Q0F3RUEKQVFLQ0FnQUxmU3ZEU0F3bUVFQ2VST2NoOGt4dE5nSkYwalRYa2hnWHcrdjlDY0F5UVh0UU5JTlg3RGFqUUJtMwplcDJiYWVoR2szeUtsMUhDdWJMbE9rTE40RTFJbktuN1h6MVdnT2NTWGpMdFdta2ZkT2FrK0RMMkVqUkhDTmptCnlObEFuYmpDZTV2T0RMZ0doWHdnMGNWUTJraXBCS29sbXZxN3pKME9jazEvVm5IMEJTWkp5U2JSNTRsaENXZEoKT01PQ0pxYWxweVY0UDNuWDQwbVVDS09ZUjYraGJkT1ppTmJPSDNjUm5zazJ0YnZDcTJqRzIxRldOM2pKb21XQgpOV3IvaGFSQmt6YWpzQnlPankwaVBrYzJVTS95YVNtRXVKRzNEOGR3N2VkVHNSZXRPTzU4ZkdOQWx5KytrS0pFClk0RzFhelpCMU5UbklBSGtsbVNTM0FIZVR0Q3NDVEdpL1dydmZDcXI3dHMyL08xTVVzYkRTU0pyL2oramJkTWIKZUNqenpSTTZPMkY5dUF4b0oveHExVGkvelB0RFoxdUNCcUlYQk0rSERWNUxUb0k4aExoVUIzYitkejZoL0tuVQpWZmFpNWhITXhPSGNxZ2Z4aDV1Rjc1SjVCcWlVUE1salk0eCtsbXdDNElCTE1uMEREbDNXeGxMdkkxczU1SW9uCm9HbUl2anBaTDl2WUNlZXNFL1hUTStzblBwSW01akpIRDhVUHdrdkFyaWxHQmRrNzZFNUpNdWRjWnJnMzFnRTEKR3pvdExPdGpTUVh5TDZja2VwZGpsZVg5M0xvVTMvU3pFMDFERTZaNTlGSkdpNmloN3FQM0did2sxTE1heXVNZQpyT2x3V0pjSjd3UmRXeGVrMnZQNW1TcU0zYUJxK0JPblZhNTBpbzQwT2tqcjF0NVV3UUtDQVFFQThkeDFNY3Z1CmRWcFhpejJRNUsvNlgvV3AzeGxHYjcydHVucHZKMXVjcmFiVng4bTd6L0tuV2dnTHEycmlqM2RYVzRnTy81L0gKZFByWDV0cTdOTGpYOElDeXNXTnhWQjBYdmJ1SEtQUXAxb3ZMZWJIUnhlV1laVno3d0xmOU5jRFZZWWI0am5FZQpKNHpWMGc3akQ0bUhTRzUrWW1OSXMvbkVDV3VZTWgzOGtIQ0RlTDhMN2ZGR1pzYS9UV1VYNGVmQzNmeXp4TU1LCkhma21Sc3UyU3hZVFFCeG1CZ0ZxRXJjU0NOR0V1ckdwZFBvWXdTZzZWblJyYWFyckhoTzlqZ2tld25XM2RpTFAKRm1uWmhRTWlFTHE2dnRHYmgrckZEUHBTdHRJUW5DdXVuWStpNm5JTlJlZG1xMS8xaU53STdwZUhKSUdRL1I0WApIM2crb25IQW9TRUR3UUtDQVFFQTh5bk1nd2NaT2F0Wm1WZzFxVHVCcldEb3FVZStsOXpZaitwVnJkTEJoTW1LCnZyMC91SUorZjdtVG9qUzk2VlNSeHd0YU00dmZkYXEyYjIzRGUzNEFyZi9MQnFsZWpyQ1B1ZjlLL0tpUmt5MTEKSi9hQzRiQU85eTYvZW1icVdEUFFodXBMbjBnTnUxUlVXZWtYeTM4TjRvanRiR1AxeEVxOGZNbklTd2xSaVVjVQovdkNSMU1xUko5ZmpNVitaOHprYUdRYzFhMm9EOTBPM3M2a1hVSFFJejUyWXMxMlAvcWVJTjlSTHMrY2M3c1hRCkYreXR1OUpOTWlHYlRqamZibnJQMDZFM1VuMnZDdUxnNzVWRFhjdi9GMklST2hJQmR4VnFzZHNtaXBZUnZta3QKNzViVTE5VTNBRmFDVnR0Y3FXenBybjI3SmJjQjRzY2ljVXNQamwycmp3S0NBUUVBMW0vNlVHNVpQQjhmWTBydwp2bkh3Y1Vna2xyT1lLZFpvdzk5dDBkMTk2dER5MWpKY25LQ3VGRHJ4N2NmVW5CTFpsMFBvMkdmWHRqWDVXcXN3Ck5DeDIrTHVDczVoUmtKeEN3bXdVQ0JHRFRyK2Zab1JzVXlPZm5LOTJYb1pDc0hnS09IQXN6RTRxeURJc0doUXMKNlVlc2RHSFRHSFNpcnorUnVqQjFQbW9yMWZ5TDlIQ2VxUmEwcnNja01nQ2h6aDlvUE4yaW5aKzN4cDl5ZW01LwpiODlndmdUdngvOVZCc2JkN0llblFNZm9VTmkxUGZ6bXpHUm9IOFgwdERRWWFtaFhwMTRyalVpTGgzbk43QXE5CkYwd1g2cnQ1UkdhNDB5cldUMVdzZUdxYVpRUkhFOHFQVGgwK2dFK1NLUWU5dTUwSnF5cGRYSzVqSGZuRXZzNVEKVmd3cGdRS0NBUUVBc0tmaFNCL1VGNjJBdm9MekdTdCtIbk9WRThabmxQU0E4SzBSNmVKL2JQVHVzM3ZSMno0UwpvTUExblZZcjBtUDZORnp1L3h2VEVDMGh0UHBOVmw1SUtDRDVZckdSWEtDeENqT0tTdHc4Um14ei9NQitmVy9tCnIzVnE3b1h1SW40aU5LSHFwcUUyT0s0ZlNlS3B3dEZmU1FDcFhHR1NuelNja3h3VlEwNVZ5aUcyQXpETEFZalkKdzlWMzNOclRnWHd1bFpoREd2SStSMWtQRUpyN3NSdGJlMW5ISWlnTEFMcTluN0cvL2NjZG9lcGNMOFZtd2xrYQpkQjB1TXpubU9PRklNenVnY1hHVnhaYm1TNmhvOUsvTGR6VnJ4b0JtU0JsckZpTmNjTHB0MGFPZ0Y3dkFqYno4CjVHWDA4eDBTeUpPemdXMGVsVnZMSnZIODk4bk1WMlY5eVFLQ0FRQitESmFpdmliLzRSL0Q1dERXN2pOc0JjQ0kKUEo4QzIwNitvWktpS3crRkpIc1ZKRFBzQTY5bGtnNHBBampZTmxWd2RaRnFTaUhEQTFIbHQ5QWV1RkRhTUh5Kwo3ZTZrVDBnYnQrVkNuajVUTjZ0Zk1yMVFGTVJYcytha1FTOXJNVlcycHZ3cEpRTUtiMzkwRVova0pudGl1UEhBCkVrWUt3QmdZckZFdkVKdUQ0bEIyMlU4bjFNTDk4eXJuMXh5UDY4UlplMGpsUXlEWDdmVktaTmFhQ0tWNGtIN2UKTFdueXl3TC9CS21KWHBJL1VVbndIZm1QdWhuQVV5eEdCWDQ4NzN4elV1QVV6YmNkQ1JhVHFMaVEvVEpkaElwMwp5VTBnNmthMERycytxVVFXS3djQnVydlZ6VkN3TGhValplZjZSMGdCTUkzVDF5aDFRQ1M3SFJoNElEMGEKLS0tLS1FTkQgUlNBIFBSSVZBVEUgS0VZLS0tLS0K\n    token: ciyx9xoe1r7eyup780p5gvplf7htfsqqjonltlz4aqhnpwy3dyu4lbvqr311c1wzbhnvhdpxsuymrezsawye1hlho12od4fgtvsisfptfi7wmx6gzaz1bvfr5nmzyxsw\n",
            "kubelet_identity": [
              {
                "client_id": "a5ee106f-76e7-4277-bba9-e6d84651825d",
                "object_id": "c508af1b-68a2-4eea-a969-7c9fc87b6fa0",
                "user_assigned_identity_id": "/subscriptions/2e0449b1-e93f-40c6-8af2-f1bd7a7e9e07/resourceGroups/MC_rg-cloudnative-dev_aks-cloudnative-dev_eastus/providers/Microsoft.ManagedIdentity/userAssignedIdentities/aks-cloudnative-dev-agentpool"
              }
            ],
            "kubernetes_version": "1.33",
            "linux_profile": [],
            "local_account_disabled": false,
            "location": "eastus",
            "maintenance_window": [],
            "maintenance_window_auto_upgrade": [],
            "maintenance_window_node_os": [],
            "microsoft_defender": [],
            "monitor_metrics": [],
            "name": "aks-cloudnative-dev",
            "network_profile": [
              {
                "dns_service_ip": "10.1.0.10",
                "docker_bridge_cidr": "",
                "ebpf_data_plane": "",
                "ip_versions": [
                  "IPv4"
                ],
                "load_balancer_profile": [
                  {
                    "effective_outbound_ips": [
                      "/subscriptions/2e0449b1-e93f-40c6-8af2-f1bd7a7e9e07/resourceGroups/MC_rg-cloudnative-dev_aks-cloudnative-dev_eastus/providers/Microsoft.Network/publicIPAddresses/e72c8f72-683b-48d1-95f5-e9e6cb9b5309"
                    ],
                    "idle_timeout_in_minutes": 0,
                    "managed_outbound_ip_count": 1,
                    "managed_outbound_ipv6_count": 0,
                    "outbound_ip_address_ids": [],
                    "outbound_ip_prefix_ids": [],
                    "outbound_ports_allocated": 0
                  }
                ],
                "load_balancer_sku": "standard",
                "nat_gateway_profile": [],
                "network_data_plane": "azure",
                "network_mode": "",
                "network_plugin": "azure",
                "network_plugin_mode": "",
                "network_policy": "",
                "outbound_ip_address_ids": [],
                "outbound_ip_prefix_ids": [],
                "outbound_type": "loadBalancer",
                "pod_cidr": "",
                "pod_cidrs": [],
                "service_cidr": "10.1.0.0/16",
                "service_cidrs": [
                  "10.1.0.0/16"
                ]
              }
            ],
            "node_os_channel_upgrade": null,
            "node_resource_group": "MC_rg-cloudnative-dev_aks-cloudnative-dev_eastus",
            "node_resource_group_id": "/subscriptions/2e0449b1-e93f-40c6-8af2-f1bd7a7e9e07/resourceGroups/MC_rg-cloudnative-dev_aks-cloudnative-dev_eastus",
            "oidc_issuer_enabled": false,
            "oidc_issuer_url": "",
            "oms_agent": [],
            "open_service_mesh_enabled": null,
            "portal_fqdn": "cloudnative-dev-xzhoepj0.portal.hcp.eastus.azmk8s.io",
            "private_cluster_enabled": false,
            "private_cluster_public_fqdn_enabled": false,
            "private_dns_zone_id": "",
            "private_fqdn": "",
            "public_network_access_enabled": true,
            "resource_group_name": "rg-cloudnative-dev",
            "role_based_access_control_enabled": true,
            "run_command_enabled": true,
            "service_mesh_profile": [],
            "service_principal": [],
            "sku_tier": "Free",
            "storage_profile": [],
            "support_plan": "KubernetesOfficial",
            "tags": {
              "environment": "dev",
              "project": "cloudnative"
            },
            "timeouts": null,
            "web_app_routing": [],
            "windows_profile": [
              {
                "admin_password": "",
                "admin_username": "azureuser",
                "gmsa": [],
                "license": ""
              }
            ],
            "workload_autoscaler_profile": [],
            "workload_identity_enabled": false
          },
          "sensitive_attributes": [
            [
              {
                "type": "get_attr",
                "value": "kube_admin_config"
              }
            ],
            [
              {
                "type": "get_attr",
                "value": "kube_admin_config_raw"
              }
            ],
            [
              {
                "type": "get_attr",
                "value": "kube_config"
              }
            ],
            [
              {
                "type": "get_attr",
                "value": "kube_config_raw"
              }
            ],
            [
              {
                "type": "get_attr",
                "value": "windows_profile"
              },
              {
                "type": "index",
                "value": {
                  "value": 0,
                  "type": "number"
                }
              },
              {
                "type": "get_attr",
                "value": "admin_password"
              }
            ]
          ],
          "identity_schema_version": 0,
          "private": "eyJlMmJmYjczMC1lY2FhLTExZTYtOGY4OC0zNDM2M2JjN2M0YzAiOnsiY3JlYXRlIjo1NDAwMDAwMDAwMDAwLCJkZWxldGUiOjU0MDAwMDAwMDAwMDAsInJlYWQiOjMwMDAwMDAwMDAwMCwidXBkYXRlIjo1NDAwMDAwMDAwMDAwfSwic2NoZW1hX3ZlcnNpb24iOiIyIn0=",
          "dependencies": [
            "azurerm_resource_group.main",
            "azurerm_subnet.aks",
            "azurerm_virtual_network.main"
          ]
        }
      ]
    },
    {
      "mode": "managed",
      "type": "azurerm_network_security_group",
      "name": "aks",
      "provider": "provider[\"registry.terraform.io/hashicorp/azurerm\"]",
      "instances": [
        {
          "schema_version": 0,
          "attributes": {
            "id": "/subscriptions/2e0449b1-e93f-40c6-8af2-f1bd7a7e9e07/resourceGroups/rg-cloudnative-dev/providers/Microsoft.Network/networkSecurityGroups/nsg-aks-dev",
            "location": "eastus",
            "name": "nsg-aks-dev",
            "resource_group_name": "rg-cloudnative-dev",
            "security_rule": [
              {
                "access": "Allow",
                "description": "",
                "destination_address_prefix": "*",
                "destination_address_prefixes": [],
                "destination_application_security_group_ids": [],
                "destination_port_range": "443",
                "destination_port_ranges": [],
                "direction": "Inbound",
                "name": "allow-https",
                "priority": 100,
                "protocol": "Tcp",
                "source_address_prefix": "*",
                "source_address_prefixes": [],
                "source_application_security_group_ids": [],
                "source_port_range": "*",
                "source_port_ranges": []
              },
              {
                "access": "Allow",
                "description": "",
                "destination_address_prefix": "*",
                "destination_address_prefixes": [],
                "destination_application_security_group_ids": [],
                "destination_port_range": "80",
                "destination_port_ranges": [],
                "direction": "Inbound",
                "name": "allow-http",
                "priority": 110,
                "protocol": "Tcp",
                "source_address_prefix": "*",
                "source_address_prefixes": [],
                "source_application_security_group_ids": [],
                "source_port_range": "*",
                "source_port_ranges": []
              }
            ],
            "tags": {
              "environment": "dev",
              "project": "cloudnative"
            },
            "timeouts": null
          },
          "sensitive_attributes": [],
          "identity_schema_version": 0,
          "private": "eyJlMmJmYjczMC1lY2FhLTExZTYtOGY4OC0zNDM2M2JjN2M0YzAiOnsiY3JlYXRlIjoxODAwMDAwMDAwMDAwLCJkZWxldGUiOjE4MDAwMDAwMDAwMDAsInJlYWQiOjMwMDAwMDAwMDAwMCwidXBkYXRlIjoxODAwMDAwMDAwMDAwfX0=",
          "dependencies": [
            "azurerm_resource_group.main"
          ]
        }
      ]
    },
    {
      "mode": "managed",
      "type": "azurerm_resource_group",
      "name": "main",
      "provider": "provider[\"registry.terraform.io/hashicorp/azurerm\"]",
      "instances": [
        {
          "schema_version": 0,
          "attributes": {
            "id": "/subscriptions/2e0449b1-e93f-40c6-8af2-f1bd7a7e9e07/resourceGroups/rg-cloudnative-dev",
            "location": "eastus",
            "managed_by": "",
            "name": "rg-cloudnative-dev",
            "tags": {
              "environment": "dev",
              "project": "cloudnative"
            },
            "timeouts": null
          },
          "sensitive_attributes": [],
          "identity_schema_version": 0,
          "private": "eyJlMmJmYjczMC1lY2FhLTExZTYtOGY4OC0zNDM2M2JjN2M0YzAiOnsiY3JlYXRlIjo1NDAwMDAwMDAwMDAwLCJkZWxldGUiOjU0MDAwMDAwMDAwMDAsInJlYWQiOjMwMDAwMDAwMDAwMCwidXBkYXRlIjo1NDAwMDAwMDAwMDAwfX0="
        }
      ]
    },
    {
      "mode": "managed",
      "type": "azurerm_role_assignment",
      "name": "aks_acr",
      "provider": "provider[\"registry.terraform.io/hashicorp/azurerm\"]",
      "instances": [
        {
          "schema_version": 0,
          "attributes": {
            "condition": "",
            "condition_version": "",
            "delegated_managed_identity_resource_id": "",
            "description": "",
            "id": "/subscriptions/2e0449b1-e93f-40c6-8af2-f1bd7a7e9e07/resourceGroups/rg-cloudnative-dev/providers/Microsoft.ContainerRegistry/registries/acrcloudnativedev/providers/Microsoft.Authorization/roleAssignments/7ec9b782-8026-b315-1c1e-0e2a0e06d941",
            "name": "7ec9b782-8026-b315-1c1e-0e2a0e06d941",
            "principal_id": "c508af1b-68a2-4eea-a969-7c9fc87b6fa0",
            "principal_type": "ServicePrincipal",
            "role_definition_id": "/subscriptions/2e0449b1-e93f-40c6-8af2-f1bd7a7e9e07/providers/Microsoft.Authorization/roleDefinitions/7f951dda-4ed3-4680-a7ca-43fe172d538d",
            "role_definition_name": "AcrPull",
            "scope": "/subscriptions/2e0449b1-e93f-40c6-8af2-f1bd7a7e9e07/resourceGroups/rg-cloudnative-dev/providers/Microsoft.ContainerRegistry/registries/acrcloudnativedev",
            "skip_service_principal_aad_check": true,
            "timeouts": null
          },
          "sensitive_attributes": [],
          "identity_schema_version": 0,
          "private": "eyJlMmJmYjczMC1lY2FhLTExZTYtOGY4OC0zNDM2M2JjN2M0YzAiOnsiY3JlYXRlIjoxODAwMDAwMDAwMDAwLCJkZWxldGUiOjE4MDAwMDAwMDAwMDAsInJlYWQiOjMwMDAwMDAwMDAwMH19",
          "dependencies": [
            "azurerm_container_registry.main",
            "azurerm_kubernetes_cluster.main",
            "azurerm_resource_group.main",
            "azurerm_subnet.aks",
            "azurerm_virtual_network.main"
          ]
        }
      ]
    },
    {
      "mode": "managed",
      "type": "azurerm_subnet",
      "name": "aks",
      "provider": "provider[\"registry.terraform.io/hashicorp/azurerm\"]",
      "instances": [
        {
          "schema_version": 0,
          "attributes": {
            "address_prefixes": [
              "10.0.1.0/24"
            ],
            "default_outbound_access_enabled": true,
            "delegation": [],
            "enforce_private_link_endpoint_network_policies": false,
            "enforce_private_link_service_network_policies": false,
            "id": "/subscriptions/2e0449b1-e93f-40c6-8af2-f1bd7a7e9e07/resourceGroups/rg-cloudnative-dev/providers/Microsoft.Network/virtualNetworks/vnet-cloudnative-dev/subnets/subnet-aks",
            "name": "subnet-aks",
            "private_endpoint_network_policies": "Enabled",
            "private_endpoint_network_policies_enabled": true,
            "private_link_service_network_policies_enabled": true,
            "resource_group_name": "rg-cloudnative-dev",
            "service_endpoint_policy_ids": [],
            "service_endpoints": [],
            "timeouts": null,
            "virtual_network_name": "vnet-cloudnative-dev"
          },
          "sensitive_attributes": [],
          "identity_schema_version": 0,
          "private": "eyJlMmJmYjczMC1lY2FhLTExZTYtOGY4OC0zNDM2M2JjN2M0YzAiOnsiY3JlYXRlIjoxODAwMDAwMDAwMDAwLCJkZWxldGUiOjE4MDAwMDAwMDAwMDAsInJlYWQiOjMwMDAwMDAwMDAwMCwidXBkYXRlIjoxODAwMDAwMDAwMDAwfX0=",
          "dependencies": [
            "azurerm_resource_group.main",
            "azurerm_virtual_network.main"
          ]
        }
      ]
    },
    {
      "mode": "managed",
      "type": "azurerm_subnet",
      "name": "appgw",
      "provider": "provider[\"registry.terraform.io/hashicorp/azurerm\"]",
      "instances": [
        {
          "schema_version": 0,
          "attributes": {
            "address_prefixes": [
              "10.0.2.0/24"
            ],
            "default_outbound_access_enabled": true,
            "delegation": [],
            "enforce_private_link_endpoint_network_policies": false,
            "enforce_private_link_service_network_policies": false,
            "id": "/subscriptions/2e0449b1-e93f-40c6-8af2-f1bd7a7e9e07/resourceGroups/rg-cloudnative-dev/providers/Microsoft.Network/virtualNetworks/vnet-cloudnative-dev/subnets/subnet-appgw",
            "name": "subnet-appgw",
            "private_endpoint_network_policies": "Enabled",
            "private_endpoint_network_policies_enabled": true,
            "private_link_service_network_policies_enabled": true,
            "resource_group_name": "rg-cloudnative-dev",
            "service_endpoint_policy_ids": [],
            "service_endpoints": [],
            "timeouts": null,
            "virtual_network_name": "vnet-cloudnative-dev"
          },
          "sensitive_attributes": [],
          "identity_schema_version": 0,
          "private": "eyJlMmJmYjczMC1lY2FhLTExZTYtOGY4OC0zNDM2M2JjN2M0YzAiOnsiY3JlYXRlIjoxODAwMDAwMDAwMDAwLCJkZWxldGUiOjE4MDAwMDAwMDAwMDAsInJlYWQiOjMwMDAwMDAwMDAwMCwidXBkYXRlIjoxODAwMDAwMDAwMDAwfX0=",
          "dependencies": [
            "azurerm_resource_group.main",
            "azurerm_virtual_network.main"
          ]
        }
      ]
    },
    {
      "mode": "managed",
      "type": "azurerm_subnet_network_security_group_association",
      "name": "aks",
      "provider": "provider[\"registry.terraform.io/hashicorp/azurerm\"]",
      "instances": [
        {
          "schema_version": 0,
          "attributes": {
            "id": "/subscriptions/2e0449b1-e93f-40c6-8af2-f1bd7a7e9e07/resourceGroups/rg-cloudnative-dev/providers/Microsoft.Network/virtualNetworks/vnet-cloudnative-dev/subnets/subnet-aks",
            "network_security_group_id": "/subscriptions/2e0449b1-e93f-40c6-8af2-f1bd7a7e9e07/resourceGroups/rg-cloudnative-dev/providers/Microsoft.Network/networkSecurityGroups/nsg-aks-dev",
            "subnet_id": "/subscriptions/2e0449b1-e93f-40c6-8af2-f1bd7a7e9e07/resourceGroups/rg-cloudnative-dev/providers/Microsoft.Network/virtualNetworks/vnet-cloudnative-dev/subnets/subnet-aks",
            "timeouts": null
          },
          "sensitive_attributes": [],
          "identity_schema_version": 0,
          "private": "eyJlMmJmYjczMC1lY2FhLTExZTYtOGY4OC0zNDM2M2JjN2M0YzAiOnsiY3JlYXRlIjoxODAwMDAwMDAwMDAwLCJkZWxldGUiOjE4MDAwMDAwMDAwMDAsInJlYWQiOjMwMDAwMDAwMDAwMH19",
          "dependencies": [
            "azurerm_network_security_group.aks",
            "azurerm_resource_group.main",
            "azurerm_subnet.aks",
            "azurerm_virtual_network.main"
          ]
        }
      ]
    },
    {
      "mode": "managed",
      "type": "azurerm_virtual_network",
      "name": "main",
      "provider": "provider[\"registry.terraform.io/hashicorp/azurerm\"]",
      "instances": [
        {
          "schema_version": 0,
          "attributes": {
            "address_space": [
              "10.0.0.0/16"
            ],
            "bgp_community": "",
            "ddos_protection_plan": [],
            "dns_servers": [],
            "edge_zone": "",
            "encryption": [],
            "flow_timeout_in_minutes": 0,
            "guid": "2f9f0e04-727b-4d5f-b869-d92994abb41a",
            "id": "/subscriptions/2e0449b1-e93f-40c6-8af2-f1bd7a7e9e07/resourceGroups/rg-cloudnative-dev/providers/Microsoft.Network/virtualNetworks/vnet-cloudnative-dev",
            "location": "eastus",
            "name": "vnet-cloudnative-dev",
            "resource_group_name": "rg-cloudnative-dev",
            "subnet": [
              {
                "address_prefix": "10.0.1.0/24",
                "id": "/subscriptions/2e0449b1-e93f-40c6-8af2-f1bd7a7e9e07/resourceGroups/rg-cloudnative-dev/providers/Microsoft.Network/virtualNetworks/vnet-cloudnative-dev/subnets/subnet-aks",
                "name": "subnet-aks",
                "security_group": "/subscriptions/2e0449b1-e93f-40c6-8af2-f1bd7a7e9e07/resourceGroups/rg-cloudnative-dev/providers/Microsoft.Network/networkSecurityGroups/nsg-aks-dev"
              },
              {
                "address_prefix": "10.0.2.0/24",
                "id": "/subscriptions/2e0449b1-e93f-40c6-8af2-f1bd7a7e9e07/resourceGroups/rg-cloudnative-dev/providers/Microsoft.Network/virtualNetworks/vnet-cloudnative-dev/subnets/subnet-appgw",
                "name": "subnet-appgw",
                "security_group": ""
              }
            ],
            "tags": {
              "environment": "dev",
              "project": "cloudnative"
            },
            "timeouts": null
          },
          "sensitive_attributes": [],
          "identity_schema_version": 0,
          "private": "eyJlMmJmYjczMC1lY2FhLTExZTYtOGY4OC0zNDM2M2JjN2M0YzAiOnsiY3JlYXRlIjoxODAwMDAwMDAwMDAwLCJkZWxldGUiOjE4MDAwMDAwMDAwMDAsInJlYWQiOjMwMDAwMDAwMDAwMCwidXBkYXRlIjoxODAwMDAwMDAwMDAwfX0=",
          "dependencies": [
            "azurerm_resource_group.main"
          ]
        }
      ]
    }
  ],
  "check_results": null
}
