{
  "version": 4,
  "terraform_version": "1.14.7",
  "serial": 29,
  "lineage": "827cc698-ec25-1f4c-914d-f9a1ca11fee0",
  "outputs": {},
  "resources": [
    {
      "mode": "managed",
      "type": "azurerm_resource_group",
      "name": "main",
      "provider": "provider[\"registry.terraform.io/hashicorp/azurerm\"]",
      "instances": [
        {
          "schema_version": 0,
          "attributes": {
            "id": "/subscriptions/2e0449b1-e93f-40c6-8af2-f1bd7a7e9e07/resourceGroups/rg-cloudnative-dev",
            "location": "eastus",
            "managed_by": "",
            "name": "rg-cloudnative-dev",
            "tags": {
              "environment": "dev",
              "project": "cloudnative"
            },
            "timeouts": null
          },
          "sensitive_attributes": [],
          "identity_schema_version": 0,
          "private": "eyJlMmJmYjczMC1lY2FhLTExZTYtOGY4OC0zNDM2M2JjN2M0YzAiOnsiY3JlYXRlIjo1NDAwMDAwMDAwMDAwLCJkZWxldGUiOjU0MDAwMDAwMDAwMDAsInJlYWQiOjMwMDAwMDAwMDAwMCwidXBkYXRlIjo1NDAwMDAwMDAwMDAwfX0="
        }
      ]
    }
  ],
  "check_results": null
}
